{
  "version": 4,
  "terraform_version": "1.13.2",
  "serial": 132,
  "lineage": "bedfa16a-629f-7d9c-9d95-a899d0743ba1",
  "outputs": {
    "alb_dns_name": {
      "value": "week6-experiment-alb-319089476.us-west-2.elb.amazonaws.com",
      "type": "string"
    },
    "aws_region": {
      "value": "us-west-2",
      "type": "string"
    },
    "cloudwatch_log_group": {
      "value": "/ecs/week6-experiment",
      "type": "string"
    },
    "ecr_repository_url": {
      "value": "975050293154.dkr.ecr.us-west-2.amazonaws.com/week6-experiment-ecr",
      "type": "string"
    },
    "ecs_cluster_name": {
      "value": "week6-experiment-cluster",
      "type": "string"
    },
    "ecs_service_name": {
      "value": "week6-experiment",
      "type": "string"
    }
  },
  "resources": [
    {
      "mode": "data",
      "type": "aws_ecr_authorization_token",
      "name": "registry",
      "provider": "provider[\"registry.terraform.io/hashicorp/aws\"]",
      "instances": [
        {
          "schema_version": 0,
          "attributes": {
            "authorization_token": "QVdTOmV5SndZWGxzYjJGa0lqb2lhbmwwVGpseFpuRlJWVzlJYWpjeVlXRm1UeXRGYkRWd1UwSlNNMG93V0RSa1NrZG9aR2RrWm1KeVdrcGtLekJ4VWxGclFtUkZMM295TlZwSk5XOUliVlowUTNaVlRYaFpZelUzVTA5TVZrSk9kbGMwU1cxeGMzRktla1JWWVdwSlZtSklRMEZ3Y1ZCNmNIcHRiR3ROVlVoS2RtcG5SRzFQWjJSQlQzWXlXR1I2Vm5vMVdVTjRObXgxY1d3MVZqSkZTRmd6TlVSQ1ZWZEpURUkzWkM5aVdVRjNNbGxVZVhkUFNrTlZkU3MzUkU1R1QzWnVTMkYxTDB0UVNFMVNaWFZOWW10WFUzUjRjVk12VTNoeVpGTmFabTUwV2t0dlZtbDFjVVZKUVcxQ1pWcHhaVFpqYkhsSVVqRnFjVVpTTUV4Uk0xSkpRM2hyUmxSNWQySlZUbWR3VmpKWk5IcEhLMVI1ZVdGdU9YbGxTbHBTYVN0eFlTOXJjblpUVlVWSFUxWlZiRFJ1UTNCaVNWQkVPVVpsY2pOWlNVZFJjVFp1TTB0VE1WcFBaV2RhY1ZWUksyNTVhbUZzV0ZGWmJXaHhlV2MzT1M5ck9UZGhkVWhwYWtSdFRtWnlRWGRFWVZodWFqTjVVbVZOU2pWMVpuVlhNbGxhUTNwS1pURkVWbGhNUzFOdk1YZGxNelJZVVU1R1dHeFlTbEJHTjBScFpIcE9SWFJHVG05QldVNW9kM1kwT0dsdFdHWnNMelIzTTJkM1oxUnNkVFYxT1dWbU1GTjZTbWhXVVVWMWFXMUVNalU0VG5ScVRVNHlja1JPVUd4RlVWTkJabXBwVnpJM1pHMU5iRXBzY1doUk5tSllRWGRGTDJWcmRUWk9hbmt5YTNkM1VtUndjRUYzWmpWa2NHaHhWVkZwV1RFdmVreE5SR1ZHTkZWUWJWSjBLM1ZvT1hkM2JHUkZja3RPWmxGVVZXTnZZVmxyUnk5ek4xbE9XSEJIYTA1UVNreHhRMjFYVUhGeGVYQlpRVmMyY1ZBMGNrcDBMMWRWVVM5bWJuTk9LMU00TlZOaGNVMWlNVzFrTW1WWk4wZHdTMWx5UTNrd1JrZENaaXQ2ZEM5cVRsb3dSbVp6TnpVMVdURnZZMUIxWnpKTE9UZFFPSGNyU0RKaFlqTXljbmxwY1d4MVZVZ3hjMm94UVRCSGJHNDBTRWRhYjBVM1JteFhVRWc0ZDNCb1ZGcHhSMWRoVDJGME1IRnRWbGxhU0ZOdWJqSjVURWRCYVZSU2EyeHJaV3hhWjFkQlNISk5UVmc0WkZKR055dFJORFpRUVZWbVZrbExieXRLU1RST1JXUTBhMWRoVmxoa1lUbEdlVU4xTm14dE0yZG5lak5WUWxOU1IzUkJjV1pFYjBaMk5FeHZSa0ozV25SS05UUlpNRXQ0V1doMkswWnhRekJSZG05d2RYVTBVU3NyUzNadVYxVnFiVlY1WWsxTFdYZG1VbGg1TkRaQlpISnJObE4xWTNJd2JHMW5SMEZsUWtsQ1JIRkVUSEZZZG5wcFRHSkZSV0pFUVVGc00xaEdTVUZQYml0cVZFRnVRM0ZhUkdwUGVFeG9Vek5HTUZkUGQwWXdjREUwVVdWYVJtVk9VMVozZVROV1dVNVpiMkZPTTJGMVRFWlFRbEptZVhkYU9DOWhOV2w2TXpKRVNXWTVVRTlIVW10TWRYWXdNM05hUzBWWGRUaFFkVGN3WTAxcWFWbHRSbEpJZFV0TFVrbGxVVEJhVDNoaGRrNUNTRmhWU1cxYVdXVm1TbWhTUTJOTGFVY3ZVRkJpYWxSMFdXaGtXQzl0TW01eWVpOTFOM0F6TkRKVE5XSnlRelpKZFdJNGJ6WjVlRmhqUkdac2N6ZHZZVE5ZTmxWV1JrcHpRMFp3TlhJeFEyNWxkV0pyYjIxalFqQjRhVnBwUlZoT1NTOVZaM0UyZUVFMGFYQldUMFZGTVd0dWFrdEZiblEzWTBsclZuWnFSMFpMZW1GTFRXYzFTRWh0YlRWMVZsY3hOMjFpTjJaa1ExVTJkVkJzYm1wTmJ6RnNZV3BaV21GalFtMU5ZV2d4UkRKTVVVRnhURXRJUVhSelNGb3dkakZDUkRFMVdIWlpNM0YyWlVkNVdWcHFWWGhuZUM5WGNURXZiVFZvVFVaNmVUTmlaWEl3WjFCQmQybFRORXRLYTNaUk5rMWxhWEZqVWxkcVZFTlZWSEJPUmtaWlVqTkpUVVZHV0VJdll5dHVVMXBwVHpSWVowMXFTVVU1U3psR2VYWjBaVTByYVhRNVpEZ3hWa0pCUjBOVFp6MGlMQ0prWVhSaGEyVjVJam9pUVZGRlFrRklhalpzWXpSWVNVcDNMemRzYmpCSVl6QXdSRTFsYXpaSFJYaElRMkpaTkZKSmNGUk5RMGsxT0VsdVZYZEJRVUZJTkhkbVFWbEtTMjlhU1doMlkwNUJVV05IYjBjNGQySlJTVUpCUkVKdlFtZHJjV2hyYVVjNWR6QkNRbmRGZDBobldVcFpTVnBKUVZkVlJFSkJSWFZOUWtWRlJFbERlVkIwWmpsaVdWY3pTMlpPUVVGM1NVSkZTVUUzWVVWcU1FRkhibFpqWWxGaldtZDVUM041V0dodmFGUlpaMWN3UjBGYUt5dGtPRlF4ZEZFck4wOUdOWGx5VjI5d1dGZHpWek5qZVVSdlNWcEpjWGRNSzAxSGRrSk1PSG95V2tGVVltaERRVDBpTENKMlpYSnphVzl1SWpvaU1pSXNJblI1Y0dVaU9pSkVRVlJCWDB0RldTSXNJbVY0Y0dseVlYUnBiMjRpT2pFM05qRXlNall4TlRoOQ==",
            "expires_at": "2025-10-23T13:29:18Z",
            "id": "us-west-2",
            "password": "eyJwYXlsb2FkIjoianl0TjlxZnFRVW9IajcyYWFmTytFbDVwU0JSM0owWDRkSkdoZGdkZmJyWkpkKzBxUlFrQmRFL3oyNVpJNW9IbVZ0Q3ZVTXhZYzU3U09MVkJOdlc0SW1xc3FKekRVYWpJVmJIQ0FwcVB6cHptbGtNVUhKdmpnRG1PZ2RBT3YyWGR6Vno1WUN4Nmx1cWw1VjJFSFgzNURCVVdJTEI3ZC9iWUF3MllUeXdPSkNVdSs3RE5GT3ZuS2F1L0tQSE1SZXVNYmtXU3R4cVMvU3hyZFNaZm50WktvVml1cUVJQW1CZVpxZTZjbHlIUjFqcUZSMExRM1JJQ3hrRlR5d2JVTmdwVjJZNHpHK1R5eWFuOXllSlpSaStxYS9rcnZTVUVHU1ZVbDRuQ3BiSVBEOUZlcjNZSUdRcTZuM0tTMVpPZWdacVVRK255amFsWFFZbWhxeWc3OS9rOTdhdUhpakRtTmZyQXdEYVhuajN5UmVNSjV1ZnVXMllaQ3pKZTFEVlhMS1NvMXdlMzRYUU5GWGxYSlBGN0RpZHpORXRGTm9BWU5od3Y0OGltWGZsLzR3M2d3Z1RsdTV1OWVmMFN6SmhWUUV1aW1EMjU4TnRqTU4yckROUGxFUVNBZmppVzI3ZG1NbEpscWhRNmJYQXdFL2VrdTZOankya3d3UmRwcEF3ZjVkcGhxVVFpWTEvekxNRGVGNFVQbVJ0K3VoOXd3bGRFcktOZlFUVWNvYVlrRy9zN1lOWHBHa05QSkxxQ21XUHFxeXBZQVc2cVA0ckp0L1dVUS9mbnNOK1M4NVNhcU1iMW1kMmVZN0dwS1lyQ3kwRkdCZit6dC9qTlowRmZzNzU1WTFvY1B1ZzJLOTdQOHcrSDJhYjMycnlpcWx1VUgxc2oxQTBHbG40SEdab0U3RmxXUEg4d3BoVFpxR1dhT2F0MHFtVllaSFNubjJ5TEdBaVRSa2xrZWxaZ1dBSHJNTVg4ZFJGNytRNDZQQVVmVklLbytKSTRORWQ0a1dhVlhkYTlGeUN1NmxtM2dnejNVQlNSR3RBcWZEb0Z2NExvRkJ3WnRKNTRZMEt4WWh2K0ZxQzBRdm9wdXU0USsrS3ZuV1VqbVV5Yk1LWXdmUlh5NDZBZHJrNlN1Y3IwbG1nR0FlQklCRHFETHFYdnppTGJFRWJEQUFsM1hGSUFPbitqVEFuQ3FaRGpPeExoUzNGMFdPd0YwcDE0UWVaRmVOU1Z3eTNWWU5Zb2FOM2F1TEZQQlJmeXdaOC9hNWl6MzJESWY5UE9HUmtMdXYwM3NaS0VXdThQdTcwY01qaVltRlJIdUtLUkllUTBaT3hhdk5CSFhVSW1aWWVmSmhSQ2NLaUcvUFBialR0WWhkWC9tMm5yei91N3AzNDJTNWJyQzZJdWI4bzZ5eFhjRGZsczdvYTNYNlVWRkpzQ0ZwNXIxQ25ldWJrb21jQjB4aVppRVhOSS9VZ3E2eEE0aXBWT0VFMWtuaktFbnQ3Y0lrVnZqR0ZLemFLTWc1SEhtbTV1VlcxN21iN2ZkQ1U2dVBsbmpNbzFsYWpZWmFjQm1NYWgxRDJMUUFxTEtIQXRzSFowdjFCRDE1WHZZM3F2ZUd5WVpqVXhneC9XcTEvbTVoTUZ6eTNiZXIwZ1BBd2lTNEtKa3ZRNk1laXFjUldqVENVVHBORkZZUjNJTUVGWEIvYytuU1ppTzRYZ01qSUU5SzlGeXZ0ZU0raXQ5ZDgxVkJBR0NTZz0iLCJkYXRha2V5IjoiQVFFQkFIajZsYzRYSUp3LzdsbjBIYzAwRE1lazZHRXhIQ2JZNFJJcFRNQ0k1OEluVXdBQUFINHdmQVlKS29aSWh2Y05BUWNHb0c4d2JRSUJBREJvQmdrcWhraUc5dzBCQndFd0hnWUpZSVpJQVdVREJBRXVNQkVFRElDeVB0ZjliWVczS2ZOQUF3SUJFSUE3YUVqMEFHblZjYlFjWmd5T3N5WGhvaFRZZ1cwR0FaKytkOFQxdFErN09GNXlyV29wWFdzVzNjeURvSVpJcXdMK01HdkJMOHoyWkFUYmhDQT0iLCJ2ZXJzaW9uIjoiMiIsInR5cGUiOiJEQVRBX0tFWSIsImV4cGlyYXRpb24iOjE3NjEyMjYxNTh9",
            "proxy_endpoint": "https://975050293154.dkr.ecr.us-west-2.amazonaws.com",
            "region": "us-west-2",
            "registry_id": null,
            "user_name": "AWS"
          },
          "sensitive_attributes": [
            [
              {
                "type": "get_attr",
                "value": "authorization_token"
              }
            ],
            [
              {
                "type": "get_attr",
                "value": "password"
              }
            ]
          ],
          "identity_schema_version": 0
        }
      ]
    },
    {
      "mode": "data",
      "type": "aws_iam_role",
      "name": "lab_role",
      "provider": "provider[\"registry.terraform.io/hashicorp/aws\"]",
      "instances": [
        {
          "schema_version": 0,
          "attributes": {
            "arn": "arn:aws:iam::975050293154:role/LabRole",
            "assume_role_policy": "{\"Version\":\"2012-10-17\",\"Statement\":[{\"Effect\":\"Allow\",\"Principal\":{\"Service\":[\"redshift.amazonaws.com\",\"secretsmanager.amazonaws.com\",\"ecs.amazonaws.com\",\"athena.amazonaws.com\",\"cloudformation.amazonaws.com\",\"logs.amazonaws.com\",\"elasticbeanstalk.amazonaws.com\",\"sqs.amazonaws.com\",\"codedeploy.amazonaws.com\",\"eks.amazonaws.com\",\"ec2.application-autoscaling.amazonaws.com\",\"apigateway.amazonaws.com\",\"ec2.amazonaws.com\",\"states.amazonaws.com\",\"autoscaling.amazonaws.com\",\"batch.amazonaws.com\",\"cloud9.amazonaws.com\",\"scheduler.amazonaws.com\",\"forecast.amazonaws.com\",\"ecs-tasks.amazonaws.com\",\"pipes.amazonaws.com\",\"lambda.amazonaws.com\",\"backup.amazonaws.com\",\"iot.amazonaws.com\",\"servicecatalog.amazonaws.com\",\"rds.amazonaws.com\",\"resource-groups.amazonaws.com\",\"credentials.iot.amazonaws.com\",\"codewhisperer.amazonaws.com\",\"databrew.amazonaws.com\",\"events.amazonaws.com\",\"kinesis.amazonaws.com\",\"codecommit.amazonaws.com\",\"rekognition.amazonaws.com\",\"application-autoscaling.amazonaws.com\",\"elasticloadbalancing.amazonaws.com\",\"elasticfilesystem.amazonaws.com\",\"deepracer.amazonaws.com\",\"sagemaker.amazonaws.com\",\"elasticmapreduce.amazonaws.com\",\"firehose.amazonaws.com\",\"glue.amazonaws.com\",\"iotevents.amazonaws.com\",\"cloudtrail.amazonaws.com\",\"s3.amazonaws.com\",\"sns.amazonaws.com\",\"iotanalytics.amazonaws.com\",\"kms.amazonaws.com\",\"kinesisanalytics.amazonaws.com\",\"ssm.amazonaws.com\",\"eks-fargate-pods.amazonaws.com\",\"dynamodb.amazonaws.com\",\"cognito-idp.amazonaws.com\"],\"AWS\":\"arn:aws:iam::975050293154:role/LabRole\"},\"Action\":\"sts:AssumeRole\"}]}",
            "create_date": "2025-09-11T19:07:59Z",
            "description": "",
            "id": "LabRole",
            "max_session_duration": 3600,
            "name": "LabRole",
            "path": "/",
            "permissions_boundary": "",
            "role_last_used": [
              {
                "last_used_date": "2025-10-23T01:21:19Z",
                "region": "us-west-2"
              }
            ],
            "tags": {
              "cloudlab": "c169671a4380641l11554484t1w975050293154"
            },
            "unique_id": "AROA6GBMGX6RKPFHYO2CN"
          },
          "sensitive_attributes": [],
          "identity_schema_version": 0
        }
      ]
    },
    {
      "mode": "managed",
      "type": "docker_image",
      "name": "app",
      "provider": "provider[\"registry.terraform.io/kreuzwerker/docker\"]",
      "instances": [
        {
          "schema_version": 0,
          "attributes": {
            "build": [
              {
                "auth_config": [],
                "build_arg": {},
                "build_args": {},
                "build_id": "",
                "cache_from": [],
                "cgroup_parent": "",
                "context": "..",
                "cpu_period": 0,
                "cpu_quota": 0,
                "cpu_set_cpus": "",
                "cpu_set_mems": "",
                "cpu_shares": 0,
                "dockerfile": "Dockerfile",
                "extra_hosts": [],
                "force_remove": false,
                "isolation": "",
                "label": {},
                "labels": {},
                "memory": 0,
                "memory_swap": 0,
                "network_mode": "",
                "no_cache": false,
                "path": "",
                "platform": "",
                "pull_parent": false,
                "remote_context": "",
                "remove": true,
                "security_opt": [],
                "session_id": "",
                "shm_size": 0,
                "squash": false,
                "suppress_output": false,
                "tag": [],
                "target": "",
                "ulimit": [],
                "version": ""
              }
            ],
            "force_remove": null,
            "id": "sha256:3c7dae99f9fa8d3c66481e52cbab9544bf05ea32d92bd65bf139bc1b4cc6b5ce975050293154.dkr.ecr.us-west-2.amazonaws.com/week6-experiment-ecr:latest",
            "image_id": "sha256:3c7dae99f9fa8d3c66481e52cbab9544bf05ea32d92bd65bf139bc1b4cc6b5ce",
            "keep_locally": null,
            "latest": "sha256:3c7dae99f9fa8d3c66481e52cbab9544bf05ea32d92bd65bf139bc1b4cc6b5ce",
            "name": "975050293154.dkr.ecr.us-west-2.amazonaws.com/week6-experiment-ecr:latest",
            "output": null,
            "platform": null,
            "pull_trigger": null,
            "pull_triggers": null,
            "repo_digest": "975050293154.dkr.ecr.us-west-2.amazonaws.com/week6-experiment-ecr@sha256:9bc84d8c51716799827247cbf03730d7697249842f7470dd8f9ca6325b8183f1",
            "triggers": null
          },
          "sensitive_attributes": [],
          "identity_schema_version": 0,
          "private": "bnVsbA==",
          "dependencies": [
            "data.aws_ecr_authorization_token.registry",
            "module.ecr.aws_ecr_repository.this"
          ]
        }
      ]
    },
    {
      "mode": "managed",
      "type": "docker_registry_image",
      "name": "app",
      "provider": "provider[\"registry.terraform.io/kreuzwerker/docker\"]",
      "instances": [
        {
          "schema_version": 0,
          "attributes": {
            "build": [],
            "id": "sha256:9bc84d8c51716799827247cbf03730d7697249842f7470dd8f9ca6325b8183f1",
            "insecure_skip_verify": false,
            "keep_remotely": false,
            "name": "975050293154.dkr.ecr.us-west-2.amazonaws.com/week6-experiment-ecr:latest",
            "sha256_digest": "sha256:9bc84d8c51716799827247cbf03730d7697249842f7470dd8f9ca6325b8183f1",
            "triggers": null
          },
          "sensitive_attributes": [],
          "identity_schema_version": 0,
          "private": "bnVsbA==",
          "dependencies": [
            "data.aws_ecr_authorization_token.registry",
            "docker_image.app",
            "module.ecr.aws_ecr_repository.this"
          ]
        }
      ]
    },
    {
      "module": "module.ecr",
      "mode": "managed",
      "type": "aws_ecr_repository",
      "name": "this",
      "provider": "provider[\"registry.terraform.io/hashicorp/aws\"]",
      "instances": [
        {
          "schema_version": 0,
          "attributes": {
            "arn": "arn:aws:ecr:us-west-2:975050293154:repository/week6-experiment-ecr",
            "encryption_configuration": [
              {
                "encryption_type": "AES256",
                "kms_key": ""
              }
            ],
            "force_delete": null,
            "id": "week6-experiment-ecr",
            "image_scanning_configuration": [
              {
                "scan_on_push": false
              }
            ],
            "image_tag_mutability": "MUTABLE",
            "name": "week6-experiment-ecr",
            "region": "us-west-2",
            "registry_id": "975050293154",
            "repository_url": "975050293154.dkr.ecr.us-west-2.amazonaws.com/week6-experiment-ecr",
            "tags": {},
            "tags_all": {},
            "timeouts": null
          },
          "sensitive_attributes": [],
          "identity_schema_version": 0,
          "private": "eyJlMmJmYjczMC1lY2FhLTExZTYtOGY4OC0zNDM2M2JjN2M0YzAiOnsiZGVsZXRlIjoxMjAwMDAwMDAwMDAwfX0="
        }
      ]
    },
    {
      "module": "module.ecs",
      "mode": "managed",
      "type": "aws_appautoscaling_policy",
      "name": "ecs_cpu_policy",
      "provider": "provider[\"registry.terraform.io/hashicorp/aws\"]",
      "instances": [
        {
          "schema_version": 0,
          "attributes": {
            "alarm_arns": [
              "arn:aws:cloudwatch:us-west-2:975050293154:alarm:TargetTracking-service/week6-experiment-cluster/week6-experiment-AlarmHigh-95f00c60-0614-43c4-a990-c9b61357f6c8",
              "arn:aws:cloudwatch:us-west-2:975050293154:alarm:TargetTracking-service/week6-experiment-cluster/week6-experiment-AlarmLow-7a0c86df-23dc-4b2e-8e3b-f46c3b80eb43"
            ],
            "arn": "arn:aws:autoscaling:us-west-2:975050293154:scalingPolicy:1ba00ef4-f16f-4ddc-a78f-f50f2af009c5:resource/ecs/service/week6-experiment-cluster/week6-experiment:policyName/week6-experiment-cpu-autoscaling",
            "id": "week6-experiment-cpu-autoscaling",
            "name": "week6-experiment-cpu-autoscaling",
            "policy_type": "TargetTrackingScaling",
            "region": "us-west-2",
            "resource_id": "service/week6-experiment-cluster/week6-experiment",
            "scalable_dimension": "ecs:service:DesiredCount",
            "service_namespace": "ecs",
            "step_scaling_policy_configuration": [],
            "target_tracking_scaling_policy_configuration": [
              {
                "customized_metric_specification": [],
                "disable_scale_in": false,
                "predefined_metric_specification": [
                  {
                    "predefined_metric_type": "ECSServiceAverageCPUUtilization",
                    "resource_label": ""
                  }
                ],
                "scale_in_cooldown": 300,
                "scale_out_cooldown": 300,
                "target_value": 70
              }
            ]
          },
          "sensitive_attributes": [],
          "identity_schema_version": 0,
          "private": "bnVsbA==",
          "dependencies": [
            "data.aws_iam_role.lab_role",
            "module.ecr.aws_ecr_repository.this",
            "module.ecs.aws_appautoscaling_target.ecs_target",
            "module.ecs.aws_ecs_cluster.this",
            "module.ecs.aws_ecs_service.this",
            "module.ecs.aws_ecs_task_definition.this",
            "module.ecs.aws_lb.this",
            "module.ecs.aws_lb_listener.this",
            "module.ecs.aws_lb_target_group.this",
            "module.logging.aws_cloudwatch_log_group.this",
            "module.network.aws_security_group.alb",
            "module.network.aws_security_group.ecs",
            "module.network.data.aws_subnets.default",
            "module.network.data.aws_vpc.default"
          ]
        }
      ]
    },
    {
      "module": "module.ecs",
      "mode": "managed",
      "type": "aws_appautoscaling_policy",
      "name": "ecs_memory_policy",
      "provider": "provider[\"registry.terraform.io/hashicorp/aws\"]",
      "instances": [
        {
          "schema_version": 0,
          "attributes": {
            "alarm_arns": [
              "arn:aws:cloudwatch:us-west-2:975050293154:alarm:TargetTracking-service/week6-experiment-cluster/week6-experiment-AlarmHigh-b55929c2-bf34-4a0d-8e12-4ab9e3ee1847",
              "arn:aws:cloudwatch:us-west-2:975050293154:alarm:TargetTracking-service/week6-experiment-cluster/week6-experiment-AlarmLow-09216d33-f634-4d56-a36f-35599d0dcd30"
            ],
            "arn": "arn:aws:autoscaling:us-west-2:975050293154:scalingPolicy:1ba00ef4-f16f-4ddc-a78f-f50f2af009c5:resource/ecs/service/week6-experiment-cluster/week6-experiment:policyName/week6-experiment-memory-autoscaling",
            "id": "week6-experiment-memory-autoscaling",
            "name": "week6-experiment-memory-autoscaling",
            "policy_type": "TargetTrackingScaling",
            "region": "us-west-2",
            "resource_id": "service/week6-experiment-cluster/week6-experiment",
            "scalable_dimension": "ecs:service:DesiredCount",
            "service_namespace": "ecs",
            "step_scaling_policy_configuration": [],
            "target_tracking_scaling_policy_configuration": [
              {
                "customized_metric_specification": [],
                "disable_scale_in": false,
                "predefined_metric_specification": [
                  {
                    "predefined_metric_type": "ECSServiceAverageMemoryUtilization",
                    "resource_label": ""
                  }
                ],
                "scale_in_cooldown": 300,
                "scale_out_cooldown": 300,
                "target_value": 70
              }
            ]
          },
          "sensitive_attributes": [],
          "identity_schema_version": 0,
          "private": "bnVsbA==",
          "dependencies": [
            "data.aws_iam_role.lab_role",
            "module.ecr.aws_ecr_repository.this",
            "module.ecs.aws_appautoscaling_target.ecs_target",
            "module.ecs.aws_ecs_cluster.this",
            "module.ecs.aws_ecs_service.this",
            "module.ecs.aws_ecs_task_definition.this",
            "module.ecs.aws_lb.this",
            "module.ecs.aws_lb_listener.this",
            "module.ecs.aws_lb_target_group.this",
            "module.logging.aws_cloudwatch_log_group.this",
            "module.network.aws_security_group.alb",
            "module.network.aws_security_group.ecs",
            "module.network.data.aws_subnets.default",
            "module.network.data.aws_vpc.default"
          ]
        }
      ]
    },
    {
      "module": "module.ecs",
      "mode": "managed",
      "type": "aws_appautoscaling_target",
      "name": "ecs_target",
      "provider": "provider[\"registry.terraform.io/hashicorp/aws\"]",
      "instances": [
        {
          "schema_version": 0,
          "attributes": {
            "arn": "arn:aws:application-autoscaling:us-west-2:975050293154:scalable-target/0ec51ba00ef4f16f4ddca78ff50f2af009c5",
            "id": "service/week6-experiment-cluster/week6-experiment",
            "max_capacity": 4,
            "min_capacity": 1,
            "region": "us-west-2",
            "resource_id": "service/week6-experiment-cluster/week6-experiment",
            "role_arn": "arn:aws:iam::975050293154:role/aws-service-role/ecs.application-autoscaling.amazonaws.com/AWSServiceRoleForApplicationAutoScaling_ECSService",
            "scalable_dimension": "ecs:service:DesiredCount",
            "service_namespace": "ecs",
            "suspended_state": [
              {
                "dynamic_scaling_in_suspended": false,
                "dynamic_scaling_out_suspended": false,
                "scheduled_scaling_suspended": false
              }
            ],
            "tags": {},
            "tags_all": {}
          },
          "sensitive_attributes": [],
          "identity_schema_version": 0,
          "private": "bnVsbA==",
          "dependencies": [
            "data.aws_iam_role.lab_role",
            "module.ecr.aws_ecr_repository.this",
            "module.ecs.aws_ecs_cluster.this",
            "module.ecs.aws_ecs_service.this",
            "module.ecs.aws_ecs_task_definition.this",
            "module.ecs.aws_lb.this",
            "module.ecs.aws_lb_listener.this",
            "module.ecs.aws_lb_target_group.this",
            "module.logging.aws_cloudwatch_log_group.this",
            "module.network.aws_security_group.alb",
            "module.network.aws_security_group.ecs",
            "module.network.data.aws_subnets.default",
            "module.network.data.aws_vpc.default"
          ]
        }
      ]
    },
    {
      "module": "module.ecs",
      "mode": "managed",
      "type": "aws_ecs_cluster",
      "name": "this",
      "provider": "provider[\"registry.terraform.io/hashicorp/aws\"]",
      "instances": [
        {
          "schema_version": 0,
          "attributes": {
            "arn": "arn:aws:ecs:us-west-2:975050293154:cluster/week6-experiment-cluster",
            "configuration": [],
            "id": "arn:aws:ecs:us-west-2:975050293154:cluster/week6-experiment-cluster",
            "name": "week6-experiment-cluster",
            "region": "us-west-2",
            "service_connect_defaults": [],
            "setting": [
              {
                "name": "containerInsights",
                "value": "disabled"
              }
            ],
            "tags": {},
            "tags_all": {}
          },
          "sensitive_attributes": [],
          "identity_schema_version": 0,
          "private": "bnVsbA=="
        }
      ]
    },
    {
      "module": "module.ecs",
      "mode": "managed",
      "type": "aws_ecs_service",
      "name": "this",
      "provider": "provider[\"registry.terraform.io/hashicorp/aws\"]",
      "instances": [
        {
          "schema_version": 1,
          "attributes": {
            "alarms": [],
            "arn": "arn:aws:ecs:us-west-2:975050293154:service/week6-experiment-cluster/week6-experiment",
            "availability_zone_rebalancing": "DISABLED",
            "capacity_provider_strategy": [],
            "cluster": "arn:aws:ecs:us-west-2:975050293154:cluster/week6-experiment-cluster",
            "deployment_circuit_breaker": [
              {
                "enable": false,
                "rollback": false
              }
            ],
            "deployment_configuration": [],
            "deployment_controller": [
              {
                "type": "ECS"
              }
            ],
            "deployment_maximum_percent": 200,
            "deployment_minimum_healthy_percent": 100,
            "desired_count": 1,
            "enable_ecs_managed_tags": false,
            "enable_execute_command": false,
            "force_delete": null,
            "force_new_deployment": null,
            "health_check_grace_period_seconds": 0,
            "iam_role": "/aws-service-role/ecs.amazonaws.com/AWSServiceRoleForECS",
            "id": "arn:aws:ecs:us-west-2:975050293154:service/week6-experiment-cluster/week6-experiment",
            "launch_type": "FARGATE",
            "load_balancer": [
              {
                "advanced_configuration": [],
                "container_name": "week6-experiment-container",
                "container_port": 8080,
                "elb_name": "",
                "target_group_arn": "arn:aws:elasticloadbalancing:us-west-2:975050293154:targetgroup/week6-experiment-tg/a2998393b5fe09e9"
              }
            ],
            "name": "week6-experiment",
            "network_configuration": [
              {
                "assign_public_ip": true,
                "security_groups": [
                  "sg-03850bd5ea712b264"
                ],
                "subnets": [
                  "subnet-01a87c553f6aa4bdf",
                  "subnet-067c253fed17e1a42",
                  "subnet-078f9c957e6b7e910",
                  "subnet-0aefde6b73413c803"
                ]
              }
            ],
            "ordered_placement_strategy": [],
            "placement_constraints": [],
            "platform_version": "LATEST",
            "propagate_tags": "NONE",
            "region": "us-west-2",
            "scheduling_strategy": "REPLICA",
            "service_connect_configuration": [],
            "service_registries": [],
            "tags": {},
            "tags_all": {},
            "task_definition": "arn:aws:ecs:us-west-2:975050293154:task-definition/week6-experiment-task:2",
            "timeouts": null,
            "triggers": {},
            "volume_configuration": [],
            "vpc_lattice_configurations": [],
            "wait_for_steady_state": false
          },
          "sensitive_attributes": [],
          "identity_schema_version": 0,
          "private": "eyJlMmJmYjczMC1lY2FhLTExZTYtOGY4OC0zNDM2M2JjN2M0YzAiOnsiY3JlYXRlIjoxMjAwMDAwMDAwMDAwLCJkZWxldGUiOjEyMDAwMDAwMDAwMDAsInVwZGF0ZSI6MTIwMDAwMDAwMDAwMH0sInNjaGVtYV92ZXJzaW9uIjoiMSJ9",
          "dependencies": [
            "data.aws_iam_role.lab_role",
            "module.ecr.aws_ecr_repository.this",
            "module.ecs.aws_ecs_cluster.this",
            "module.ecs.aws_ecs_task_definition.this",
            "module.ecs.aws_lb.this",
            "module.ecs.aws_lb_listener.this",
            "module.ecs.aws_lb_target_group.this",
            "module.logging.aws_cloudwatch_log_group.this",
            "module.network.aws_security_group.alb",
            "module.network.aws_security_group.ecs",
            "module.network.data.aws_subnets.default",
            "module.network.data.aws_vpc.default"
          ]
        }
      ]
    },
    {
      "module": "module.ecs",
      "mode": "managed",
      "type": "aws_ecs_task_definition",
      "name": "this",
      "provider": "provider[\"registry.terraform.io/hashicorp/aws\"]",
      "instances": [
        {
          "schema_version": 1,
          "attributes": {
            "arn": "arn:aws:ecs:us-west-2:975050293154:task-definition/week6-experiment-task:2",
            "arn_without_revision": "arn:aws:ecs:us-west-2:975050293154:task-definition/week6-experiment-task",
            "container_definitions": "[{\"environment\":[],\"essential\":true,\"image\":\"975050293154.dkr.ecr.us-west-2.amazonaws.com/week6-experiment-ecr:latest\",\"logConfiguration\":{\"logDriver\":\"awslogs\",\"options\":{\"awslogs-region\":\"us-west-2\",\"awslogs-stream-prefix\":\"ecs\",\"awslogs-group\":\"/ecs/week6-experiment\"}},\"mountPoints\":[],\"name\":\"week6-experiment-container\",\"portMappings\":[{\"containerPort\":8080,\"hostPort\":8080,\"protocol\":\"tcp\"}],\"systemControls\":[],\"volumesFrom\":[]}]",
            "cpu": "256",
            "enable_fault_injection": false,
            "ephemeral_storage": [],
            "execution_role_arn": "arn:aws:iam::975050293154:role/LabRole",
            "family": "week6-experiment-task",
            "id": "week6-experiment-task",
            "ipc_mode": "",
            "memory": "512",
            "network_mode": "awsvpc",
            "pid_mode": "",
            "placement_constraints": [],
            "proxy_configuration": [],
            "region": "us-west-2",
            "requires_compatibilities": [
              "FARGATE"
            ],
            "revision": 2,
            "runtime_platform": [],
            "skip_destroy": false,
            "tags": {},
            "tags_all": {},
            "task_role_arn": "arn:aws:iam::975050293154:role/LabRole",
            "track_latest": false,
            "volume": []
          },
          "sensitive_attributes": [],
          "identity_schema_version": 0,
          "private": "eyJzY2hlbWFfdmVyc2lvbiI6IjEifQ==",
          "dependencies": [
            "data.aws_iam_role.lab_role",
            "module.ecr.aws_ecr_repository.this",
            "module.logging.aws_cloudwatch_log_group.this"
          ]
        }
      ]
    },
    {
      "module": "module.ecs",
      "mode": "managed",
      "type": "aws_lb",
      "name": "this",
      "provider": "provider[\"registry.terraform.io/hashicorp/aws\"]",
      "instances": [
        {
          "schema_version": 0,
          "attributes": {
            "access_logs": [
              {
                "bucket": "",
                "enabled": false,
                "prefix": ""
              }
            ],
            "arn": "arn:aws:elasticloadbalancing:us-west-2:975050293154:loadbalancer/app/week6-experiment-alb/1b9fad366748ace4",
            "arn_suffix": "app/week6-experiment-alb/1b9fad366748ace4",
            "client_keep_alive": 3600,
            "connection_logs": [
              {
                "bucket": "",
                "enabled": false,
                "prefix": ""
              }
            ],
            "customer_owned_ipv4_pool": "",
            "desync_mitigation_mode": "defensive",
            "dns_name": "week6-experiment-alb-319089476.us-west-2.elb.amazonaws.com",
            "dns_record_client_routing_policy": null,
            "drop_invalid_header_fields": false,
            "enable_cross_zone_load_balancing": true,
            "enable_deletion_protection": false,
            "enable_http2": true,
            "enable_tls_version_and_cipher_suite_headers": false,
            "enable_waf_fail_open": false,
            "enable_xff_client_port": false,
            "enable_zonal_shift": false,
            "enforce_security_group_inbound_rules_on_private_link_traffic": "",
            "id": "arn:aws:elasticloadbalancing:us-west-2:975050293154:loadbalancer/app/week6-experiment-alb/1b9fad366748ace4",
            "idle_timeout": 60,
            "internal": false,
            "ip_address_type": "ipv4",
            "ipam_pools": [],
            "load_balancer_type": "application",
            "minimum_load_balancer_capacity": [],
            "name": "week6-experiment-alb",
            "name_prefix": "",
            "preserve_host_header": false,
            "region": "us-west-2",
            "security_groups": [
              "sg-0ad5ca69a116439c3"
            ],
            "subnet_mapping": [
              {
                "allocation_id": "",
                "ipv6_address": "",
                "outpost_id": "",
                "private_ipv4_address": "",
                "subnet_id": "subnet-01a87c553f6aa4bdf"
              },
              {
                "allocation_id": "",
                "ipv6_address": "",
                "outpost_id": "",
                "private_ipv4_address": "",
                "subnet_id": "subnet-067c253fed17e1a42"
              },
              {
                "allocation_id": "",
                "ipv6_address": "",
                "outpost_id": "",
                "private_ipv4_address": "",
                "subnet_id": "subnet-078f9c957e6b7e910"
              },
              {
                "allocation_id": "",
                "ipv6_address": "",
                "outpost_id": "",
                "private_ipv4_address": "",
                "subnet_id": "subnet-0aefde6b73413c803"
              }
            ],
            "subnets": [
              "subnet-01a87c553f6aa4bdf",
              "subnet-067c253fed17e1a42",
              "subnet-078f9c957e6b7e910",
              "subnet-0aefde6b73413c803"
            ],
            "tags": {
              "Name": "week6-experiment-alb"
            },
            "tags_all": {
              "Name": "week6-experiment-alb"
            },
            "timeouts": null,
            "vpc_id": "vpc-09ba02d378694ba20",
            "xff_header_processing_mode": "append",
            "zone_id": "Z1H1FL5HABSF5"
          },
          "sensitive_attributes": [],
          "identity_schema_version": 0,
          "identity": {
            "arn": "arn:aws:elasticloadbalancing:us-west-2:975050293154:loadbalancer/app/week6-experiment-alb/1b9fad366748ace4"
          },
          "private": "eyJlMmJmYjczMC1lY2FhLTExZTYtOGY4OC0zNDM2M2JjN2M0YzAiOnsiY3JlYXRlIjo2MDAwMDAwMDAwMDAsImRlbGV0ZSI6NjAwMDAwMDAwMDAwLCJ1cGRhdGUiOjYwMDAwMDAwMDAwMH19",
          "dependencies": [
            "module.network.aws_security_group.alb",
            "module.network.data.aws_subnets.default",
            "module.network.data.aws_vpc.default"
          ]
        }
      ]
    },
    {
      "module": "module.ecs",
      "mode": "managed",
      "type": "aws_lb_listener",
      "name": "this",
      "provider": "provider[\"registry.terraform.io/hashicorp/aws\"]",
      "instances": [
        {
          "schema_version": 0,
          "attributes": {
            "alpn_policy": null,
            "arn": "arn:aws:elasticloadbalancing:us-west-2:975050293154:listener/app/week6-experiment-alb/1b9fad366748ace4/802a337f705b79d6",
            "certificate_arn": null,
            "default_action": [
              {
                "authenticate_cognito": [],
                "authenticate_oidc": [],
                "fixed_response": [],
                "forward": [],
                "order": 1,
                "redirect": [],
                "target_group_arn": "arn:aws:elasticloadbalancing:us-west-2:975050293154:targetgroup/week6-experiment-tg/a2998393b5fe09e9",
                "type": "forward"
              }
            ],
            "id": "arn:aws:elasticloadbalancing:us-west-2:975050293154:listener/app/week6-experiment-alb/1b9fad366748ace4/802a337f705b79d6",
            "load_balancer_arn": "arn:aws:elasticloadbalancing:us-west-2:975050293154:loadbalancer/app/week6-experiment-alb/1b9fad366748ace4",
            "mutual_authentication": [],
            "port": 80,
            "protocol": "HTTP",
            "region": "us-west-2",
            "routing_http_request_x_amzn_mtls_clientcert_header_name": null,
            "routing_http_request_x_amzn_mtls_clientcert_issuer_header_name": null,
            "routing_http_request_x_amzn_mtls_clientcert_leaf_header_name": null,
            "routing_http_request_x_amzn_mtls_clientcert_serial_number_header_name": null,
            "routing_http_request_x_amzn_mtls_clientcert_subject_header_name": null,
            "routing_http_request_x_amzn_mtls_clientcert_validity_header_name": null,
            "routing_http_request_x_amzn_tls_cipher_suite_header_name": null,
            "routing_http_request_x_amzn_tls_version_header_name": null,
            "routing_http_response_access_control_allow_credentials_header_value": "",
            "routing_http_response_access_control_allow_headers_header_value": "",
            "routing_http_response_access_control_allow_methods_header_value": "",
            "routing_http_response_access_control_allow_origin_header_value": "",
            "routing_http_response_access_control_expose_headers_header_value": "",
            "routing_http_response_access_control_max_age_header_value": "",
            "routing_http_response_content_security_policy_header_value": "",
            "routing_http_response_server_enabled": true,
            "routing_http_response_strict_transport_security_header_value": "",
            "routing_http_response_x_content_type_options_header_value": "",
            "routing_http_response_x_frame_options_header_value": "",
            "ssl_policy": "",
            "tags": {},
            "tags_all": {},
            "tcp_idle_timeout_seconds": null,
            "timeouts": null
          },
          "sensitive_attributes": [],
          "identity_schema_version": 0,
          "identity": {
            "arn": "arn:aws:elasticloadbalancing:us-west-2:975050293154:listener/app/week6-experiment-alb/1b9fad366748ace4/802a337f705b79d6"
          },
          "private": "eyJlMmJmYjczMC1lY2FhLTExZTYtOGY4OC0zNDM2M2JjN2M0YzAiOnsiY3JlYXRlIjozMDAwMDAwMDAwMDAsInVwZGF0ZSI6MzAwMDAwMDAwMDAwfX0=",
          "dependencies": [
            "module.ecs.aws_lb.this",
            "module.ecs.aws_lb_target_group.this",
            "module.network.aws_security_group.alb",
            "module.network.data.aws_subnets.default",
            "module.network.data.aws_vpc.default"
          ]
        }
      ]
    },
    {
      "module": "module.ecs",
      "mode": "managed",
      "type": "aws_lb_target_group",
      "name": "this",
      "provider": "provider[\"registry.terraform.io/hashicorp/aws\"]",
      "instances": [
        {
          "schema_version": 0,
          "attributes": {
            "arn": "arn:aws:elasticloadbalancing:us-west-2:975050293154:targetgroup/week6-experiment-tg/a2998393b5fe09e9",
            "arn_suffix": "targetgroup/week6-experiment-tg/a2998393b5fe09e9",
            "connection_termination": null,
            "deregistration_delay": "30",
            "health_check": [
              {
                "enabled": true,
                "healthy_threshold": 2,
                "interval": 15,
                "matcher": "200",
                "path": "/health",
                "port": "traffic-port",
                "protocol": "HTTP",
                "timeout": 5,
                "unhealthy_threshold": 3
              }
            ],
            "id": "arn:aws:elasticloadbalancing:us-west-2:975050293154:targetgroup/week6-experiment-tg/a2998393b5fe09e9",
            "ip_address_type": "ipv4",
            "lambda_multi_value_headers_enabled": false,
            "load_balancer_arns": [
              "arn:aws:elasticloadbalancing:us-west-2:975050293154:loadbalancer/app/week6-experiment-alb/1b9fad366748ace4"
            ],
            "load_balancing_algorithm_type": "round_robin",
            "load_balancing_anomaly_mitigation": "off",
            "load_balancing_cross_zone_enabled": "use_load_balancer_configuration",
            "name": "week6-experiment-tg",
            "name_prefix": "",
            "port": 8080,
            "preserve_client_ip": null,
            "protocol": "HTTP",
            "protocol_version": "HTTP1",
            "proxy_protocol_v2": false,
            "region": "us-west-2",
            "slow_start": 0,
            "stickiness": [
              {
                "cookie_duration": 86400,
                "cookie_name": "",
                "enabled": false,
                "type": "lb_cookie"
              }
            ],
            "tags": {
              "Name": "week6-experiment-tg"
            },
            "tags_all": {
              "Name": "week6-experiment-tg"
            },
            "target_failover": [
              {
                "on_deregistration": null,
                "on_unhealthy": null
              }
            ],
            "target_group_health": [
              {
                "dns_failover": [
                  {
                    "minimum_healthy_targets_count": "1",
                    "minimum_healthy_targets_percentage": "off"
                  }
                ],
                "unhealthy_state_routing": [
                  {
                    "minimum_healthy_targets_count": 1,
                    "minimum_healthy_targets_percentage": "off"
                  }
                ]
              }
            ],
            "target_health_state": [
              {
                "enable_unhealthy_connection_termination": null,
                "unhealthy_draining_interval": null
              }
            ],
            "target_type": "ip",
            "vpc_id": "vpc-09ba02d378694ba20"
          },
          "sensitive_attributes": [],
          "identity_schema_version": 0,
          "identity": {
            "arn": "arn:aws:elasticloadbalancing:us-west-2:975050293154:targetgroup/week6-experiment-tg/a2998393b5fe09e9"
          },
          "private": "bnVsbA==",
          "dependencies": [
            "module.network.data.aws_vpc.default"
          ]
        }
      ]
    },
    {
      "module": "module.logging",
      "mode": "managed",
      "type": "aws_cloudwatch_log_group",
      "name": "this",
      "provider": "provider[\"registry.terraform.io/hashicorp/aws\"]",
      "instances": [
        {
          "schema_version": 0,
          "attributes": {
            "arn": "arn:aws:logs:us-west-2:975050293154:log-group:/ecs/week6-experiment",
            "id": "/ecs/week6-experiment",
            "kms_key_id": "",
            "log_group_class": "STANDARD",
            "name": "/ecs/week6-experiment",
            "name_prefix": "",
            "region": "us-west-2",
            "retention_in_days": 7,
            "skip_destroy": false,
            "tags": {},
            "tags_all": {}
          },
          "sensitive_attributes": [],
          "identity_schema_version": 0,
          "private": "bnVsbA=="
        }
      ]
    },
    {
      "module": "module.network",
      "mode": "data",
      "type": "aws_subnets",
      "name": "default",
      "provider": "provider[\"registry.terraform.io/hashicorp/aws\"]",
      "instances": [
        {
          "schema_version": 0,
          "attributes": {
            "filter": [
              {
                "name": "vpc-id",
                "values": [
                  "vpc-09ba02d378694ba20"
                ]
              }
            ],
            "id": "us-west-2",
            "ids": [
              "subnet-01a87c553f6aa4bdf",
              "subnet-078f9c957e6b7e910",
              "subnet-0aefde6b73413c803",
              "subnet-067c253fed17e1a42"
            ],
            "region": "us-west-2",
            "tags": null,
            "timeouts": null
          },
          "sensitive_attributes": [],
          "identity_schema_version": 0
        }
      ]
    },
    {
      "module": "module.network",
      "mode": "data",
      "type": "aws_vpc",
      "name": "default",
      "provider": "provider[\"registry.terraform.io/hashicorp/aws\"]",
      "instances": [
        {
          "schema_version": 0,
          "attributes": {
            "arn": "arn:aws:ec2:us-west-2:975050293154:vpc/vpc-09ba02d378694ba20",
            "cidr_block": "172.31.0.0/16",
            "cidr_block_associations": [
              {
                "association_id": "vpc-cidr-assoc-0c91f22f9466a8a4d",
                "cidr_block": "172.31.0.0/16",
                "state": "associated"
              }
            ],
            "default": true,
            "dhcp_options_id": "dopt-0816c127f943916f7",
            "enable_dns_hostnames": true,
            "enable_dns_support": true,
            "enable_network_address_usage_metrics": false,
            "filter": null,
            "id": "vpc-09ba02d378694ba20",
            "instance_tenancy": "default",
            "ipv6_association_id": "",
            "ipv6_cidr_block": "",
            "main_route_table_id": "rtb-0727dbec57d51b2db",
            "owner_id": "975050293154",
            "region": "us-west-2",
            "state": null,
            "tags": {},
            "timeouts": null
          },
          "sensitive_attributes": [],
          "identity_schema_version": 0
        }
      ]
    },
    {
      "module": "module.network",
      "mode": "managed",
      "type": "aws_security_group",
      "name": "alb",
      "provider": "provider[\"registry.terraform.io/hashicorp/aws\"]",
      "instances": [
        {
          "schema_version": 1,
          "attributes": {
            "arn": "arn:aws:ec2:us-west-2:975050293154:security-group/sg-0ad5ca69a116439c3",
            "description": "Allow HTTP traffic to ALB",
            "egress": [
              {
                "cidr_blocks": [
                  "0.0.0.0/0"
                ],
                "description": "Allow all outbound",
                "from_port": 0,
                "ipv6_cidr_blocks": [],
                "prefix_list_ids": [],
                "protocol": "-1",
                "security_groups": [],
                "self": false,
                "to_port": 0
              }
            ],
            "id": "sg-0ad5ca69a116439c3",
            "ingress": [
              {
                "cidr_blocks": [
                  "0.0.0.0/0"
                ],
                "description": "Allow HTTP from anywhere",
                "from_port": 80,
                "ipv6_cidr_blocks": [],
                "prefix_list_ids": [],
                "protocol": "tcp",
                "security_groups": [],
                "self": false,
                "to_port": 80
              }
            ],
            "name": "week6-experiment-alb-sg",
            "name_prefix": "",
            "owner_id": "975050293154",
            "region": "us-west-2",
            "revoke_rules_on_delete": false,
            "tags": {
              "Name": "week6-experiment-alb-sg"
            },
            "tags_all": {
              "Name": "week6-experiment-alb-sg"
            },
            "timeouts": null,
            "vpc_id": "vpc-09ba02d378694ba20"
          },
          "sensitive_attributes": [],
          "identity_schema_version": 0,
          "private": "eyJlMmJmYjczMC1lY2FhLTExZTYtOGY4OC0zNDM2M2JjN2M0YzAiOnsiY3JlYXRlIjo2MDAwMDAwMDAwMDAsImRlbGV0ZSI6OTAwMDAwMDAwMDAwfSwic2NoZW1hX3ZlcnNpb24iOiIxIn0=",
          "dependencies": [
            "module.network.data.aws_vpc.default"
          ]
        }
      ]
    },
    {
      "module": "module.network",
      "mode": "managed",
      "type": "aws_security_group",
      "name": "ecs",
      "provider": "provider[\"registry.terraform.io/hashicorp/aws\"]",
      "instances": [
        {
          "schema_version": 1,
          "attributes": {
            "arn": "arn:aws:ec2:us-west-2:975050293154:security-group/sg-03850bd5ea712b264",
            "description": "Allow traffic from ALB to ECS tasks",
            "egress": [
              {
                "cidr_blocks": [
                  "0.0.0.0/0"
                ],
                "description": "Allow all outbound",
                "from_port": 0,
                "ipv6_cidr_blocks": [],
                "prefix_list_ids": [],
                "protocol": "-1",
                "security_groups": [],
                "self": false,
                "to_port": 0
              }
            ],
            "id": "sg-03850bd5ea712b264",
            "ingress": [
              {
                "cidr_blocks": [],
                "description": "Allow traffic from ALB",
                "from_port": 8080,
                "ipv6_cidr_blocks": [],
                "prefix_list_ids": [],
                "protocol": "tcp",
                "security_groups": [
                  "sg-0ad5ca69a116439c3"
                ],
                "self": false,
                "to_port": 8080
              }
            ],
            "name": "week6-experiment-ecs-sg",
            "name_prefix": "",
            "owner_id": "975050293154",
            "region": "us-west-2",
            "revoke_rules_on_delete": false,
            "tags": {
              "Name": "week6-experiment-ecs-sg"
            },
            "tags_all": {
              "Name": "week6-experiment-ecs-sg"
            },
            "timeouts": null,
            "vpc_id": "vpc-09ba02d378694ba20"
          },
          "sensitive_attributes": [],
          "identity_schema_version": 0,
          "private": "eyJlMmJmYjczMC1lY2FhLTExZTYtOGY4OC0zNDM2M2JjN2M0YzAiOnsiY3JlYXRlIjo2MDAwMDAwMDAwMDAsImRlbGV0ZSI6OTAwMDAwMDAwMDAwfSwic2NoZW1hX3ZlcnNpb24iOiIxIn0=",
          "dependencies": [
            "module.network.aws_security_group.alb",
            "module.network.data.aws_vpc.default"
          ]
        }
      ]
    }
  ],
  "check_results": null
}
