{
  "version": 4,
  "terraform_version": "1.13.2",
  "serial": 147,
  "lineage": "5862086d-1ee4-ad4a-02ee-aa84e5a0015f",
  "outputs": {
    "alb_dns_name": {
      "value": "week6-experiment-alb-1340292979.us-west-2.elb.amazonaws.com",
      "type": "string"
    },
    "aws_region": {
      "value": "us-west-2",
      "type": "string"
    },
    "cloudwatch_log_group": {
      "value": "/ecs/week6-experiment",
      "type": "string"
    },
    "dynamodb_carts_table": {
      "value": "week6-experiment-carts",
      "type": "string"
    },
    "dynamodb_orders_table": {
      "value": "week6-experiment-orders",
      "type": "string"
    },
    "dynamodb_products_table": {
      "value": "week6-experiment-products",
      "type": "string"
    },
    "ecr_repository_url": {
      "value": "533267039705.dkr.ecr.us-west-2.amazonaws.com/week6-experiment-ecr",
      "type": "string"
    },
    "ecs_cluster_name": {
      "value": "week6-experiment-cluster",
      "type": "string"
    },
    "ecs_service_name": {
      "value": "week6-experiment",
      "type": "string"
    },
    "redis_endpoint": {
      "value": "week6-experiment-redis.kbex21.0001.usw2.cache.amazonaws.com:6379",
      "type": "string"
    }
  },
  "resources": [
    {
      "mode": "data",
      "type": "aws_ecr_authorization_token",
      "name": "registry",
      "provider": "provider[\"registry.terraform.io/hashicorp/aws\"]",
      "instances": [
        {
          "schema_version": 0,
          "attributes": {
            "authorization_token": "QVdTOmV5SndZWGxzYjJGa0lqb2lWWHBGZW1SRE1XdEZWbWxZVDI1aGIxbFNRV2xpYm5OaWVXcFllbU52T0VGVGJHeDFhRzlMYkhSelMyVk1hMmxPYlM4eFNURk1TRVZxY0dGWVVpOVNlSGcwU2xrMVdYSTFkVEE1ZWtKVWVIQkdiRlpLV1RSb2RuazFVbUZ3U0ZNMlVUaGhUVWx5WTJSTGNUUlViR0p6TjJaTlVrTldiUzlDVVU4eWFGWkpjSEJxZW1aMFZXOWFOVVZwV1U4d2NFSTNTV3Q2TUZKdVVpOUxlRGRYU1dvMGFuTjBRV3ROTkVJMWMyWnBRWEpUZWpWbFlURklNVVJzYTA4NGQxbFNVRFl6ZGtsSmVDdGtSVFZLUzNCTVJERm1SelZRY2pKS1dUWTVTRGxzTjFKMlRuaHlZbWhwSzFneE1VdFNXakpEWW1WNFpFTnJhRkpOTlM5M2NEUk9hbkJFTTBsVlkzSjZTRVJvVVZGRWRFVTNNamhOWTJKdGVXdGxiSFJzVFZoUmJ6VldSVzlOTW1wclRHRnNRMkU1TkRoeVdrMURjakF6ZFZaaldXUjFaRWszYUZsM2NUTm9kR2xVYmxRMVkwbEpNR3hEUWtzNU1XczFPRGsxZUZCb0swTTJVVkZYVTFwSU5FaEJVVUZtTXpBd1QxaHdSVkZxVEVoQ2MwTlZUR05yTm1wblprdFhPRFYyU2xVNVRpOUdXVVY1UkVocEsxTlphWE5CZWswNEwwdzBhMmwwV2pKcVZuUTNUbE13UlhwNWJFNXlRV2x6VFZwU1duQkhTbkpSVWpscGNGRjBVMjUwWkdneU5WTnhZMlZvYmxKT1JVUkhlbFp1T0V4T1ozaHhXWGhxV2t4eWR6bHpZM1l6UjJFdmRtSnlSbTg0YURWT1ltWTVkRXMyZUVJMGNYVXZjWGt3ZG10M1pYRjRlV0Y0TkZoeFMxaGtMMnRNWlV3MlRVNXVUVmhUVjAxU2JGVkVVWEJFTDBoMFpESkRWak5vYm1kQk1TdG1XRFo1WmpSR1dWRmhNMXAwYVZScVQwWlFRMjFzUTBoRGVIQjNWVmxXUjJGaWVIVmhOSGRWU0ZoSk9FTTBha2hFY1RacVFuVlhWbUUyVG1KR1JVRkZWM3BDVTNjd1dIVjJVVmxGY1hsM01FOWxUMFZaUW5samIxQnZOVGR4V25reU9VcEROVEV6WkhOMVdUSm9SRWxEVDNkamJuRlViemR5YkRGWldtSTBOa2t5TlRJeVJtVlBZelZ4WkRCaWVEa3dabE5vWmpoQlMxYzFUa1JqYmsxWU9VMUVlRmt6VFhRMlVYazNUSEYxYWxaQ1RHWk9XVUZ0YUc5aldqVnRaMDVwYVdacGRUQlhOQ3RFUlhacE16VkdOM1JRV0d3clEzWjRWblF6YlZGUWRuUkRja3hJUlRWdWNuWnhUbXM0T0ZoaGVEWktUbmxvY2pGMVZGWnBORTQ1SzBWNWExaEtjMjVJVjNFMlJrOWtOak13Y1RoVGNHOXNjRlJqUVVGdFJWbGpkelpvYmxoV2EwVmpiM1prTkhkVFdFSnZZaTlTYVZKV2NVMXBabFZXYjB4aWJrczFiSGhtVTNGSE9GVmFkRU50WjBkcmFGWXJRVEJpZG5OeUt6VTRjbEJRVUhNeFNYQlJhRTUyT0U1VWVVRjZZamxxZVhsTlIzcENhMGx4Unk5WVRUaHZTekpqUlc5MFUwTldSbXAyZFZWd00yaHVTR1pxZDA0MU5tSTVUbGxYUm5GM0t6UTVSM3BEWVdac2J6ZFBkbkJSUkN0ME1tTkpaSEpJUTJSRlkwWldiUzlUTVdkaE9YSkVNblJXY2xkblVVZDZTaTlTYW1aT01ISnRXbmcyUjBKc1RqTXZkSFp5TkhGbWJXaDRjMDUyYVdwVGNWTTRjWHB0YjBGeVpGcGlMM1E0UjA1cWQzSkxaV3RRVkZnNFJuSmhPRk5HUTNoM0szZGpaM2N4WmxBd1RVRk5jV2RKVEVrMWNtNXpNbFJ2WkVaWWNVUlFRMHRCWlhvM2RVbFRNamMwUlZSS1QwVk1MMDFzWWs1SFozUlVUbm96YkUxNldscEpibVJ1YkVKeFNuQnpaVTR4VGxsQk5ERTNMelZpUlVsWGIySm9iRkZrUTJsTlRtNHljazFvYmpsTlNEVjVaMDFYWkRoRFRGazJSbVE0TmpGS2RVdHdiRFptWmpSSU5UQTFXa3RQUldkcUwwRmlNek5aVTNwMVVFUXhlalo0VWxCek1YSkxkRGN2VUdVNFJGUkRNeTlqUTNwUWMxaEpTRU5HU2tzaUxDSmtZWFJoYTJWNUlqb2lRVkZGUWtGSWFqWnNZelJZU1VwM0x6ZHNiakJJWXpBd1JFMWxhelpIUlhoSVEySlpORkpKY0ZSTlEwazFPRWx1VlhkQlFVRklOSGRtUVZsS1MyOWFTV2gyWTA1QlVXTkhiMGM0ZDJKUlNVSkJSRUp2UW1kcmNXaHJhVWM1ZHpCQ1FuZEZkMGhuV1VwWlNWcEpRVmRWUkVKQlJYVk5Ra1ZGUkV0dE1FdE1VMlJhVkdOdVIyYzNiME5CU1VKRlNVRTNVWGRITW5NelJXMVRTMU5YTVRWcFEzcExORXRUUjJNNGEwcGlkMVJtWTAxYWNDdExWMFJMZDAxWkwzWjNabmN6VEV3NVZEVmhWMUZQUmxaQlIzTjRWVXRvVkZsTGFsa3hhalJTYUd0bE9EMGlMQ0oyWlhKemFXOXVJam9pTWlJc0luUjVjR1VpT2lKRVFWUkJYMHRGV1NJc0ltVjRjR2x5WVhScGIyNGlPakUzTmpVME5UTTBOemg5",
            "expires_at": "2025-12-11T11:44:38Z",
            "id": "us-west-2",
            "password": "eyJwYXlsb2FkIjoiVXpFemRDMWtFVmlYT25hb1lSQWlibnNieWpYemNvOEFTbGx1aG9LbHRzS2VMa2lObS8xSTFMSEVqcGFYUi9SeHg0Slk1WXI1dTA5ekJUeHBGbFZKWTRodnk1UmFwSFM2UThhTUlyY2RLcTRUbGJzN2ZNUkNWbS9CUU8yaFZJcHBqemZ0VW9aNUVpWU8wcEI3SWt6MFJuUi9LeDdXSWo0anN0QWtNNEI1c2ZpQXJTejVlYTFIMURsa084d1lSUDYzdklJeCtkRTVKS3BMRDFmRzVQcjJKWTY5SDlsN1J2TnhyYmhpK1gxMUtSWjJDYmV4ZENraFJNNS93cDROanBEM0lVY3J6SERoUVFEdEU3MjhNY2JteWtlbHRsTVhRbzVWRW9NMmprTGFsQ2E5NDhyWk1DcjAzdVZjWWR1ZEk3aFl3cTNodGlUblQ1Y0lJMGxDQks5MWs1ODk1eFBoK0M2UVFXU1pINEhBUUFmMzAwT1hwRVFqTEhCc0NVTGNrNmpnZktXODV2SlU5Ti9GWUV5REhpK1NZaXNBek04L0w0a2l0WjJqVnQ3TlMwRXp5bE5yQWlzTVpSWnBHSnJRUjlpcFF0U250ZGgyNVNxY2VoblJORURHelZuOExOZ3hxWXhqWkxydzlzY3YzR2EvdmJyRm84aDVOYmY5dEs2eEI0cXUvcXkwdmt3ZXF4eWF4NFhxS1hkL2tMZUw2TU5uTVhTV01SbFVEUXBEL0h0ZDJDVjNobmdBMStmWDZ5ZjRGWVFhM1p0aVRqT0ZQQ21sQ0hDeHB3VVlWR2FieHVhNHdVSFhJOEM0akhEcTZqQnVXVmE2TmJGRUFFV3pCU3cwWHV2UVlFcXl3ME9lT0VZQnljb1BvNTdxWnkyOUpDNTEzZHN1WTJoRElDT3djbnFUbzdybDFZWmI0NkkyNTIyRmVPYzVxZDBieDkwZlNoZjhBS1c1TkRjbk1YOU1EeFkzTXQ2UXk3THF1alZCTGZOWUFtaG9jWjVtZ05paWZpdTBXNCtERXZpMzVGN3RQWGwrQ3Z4VnQzbVFQdnRDckxIRTVucnZxTms4OFhheDZKTnlocjF1VFZpNE45K0V5a1hKc25IV3E2Rk9kNjMwcThTcG9scFRjQUFtRVljdzZoblhWa0Vjb3ZkNHdTWEJvYi9SaVJWcU1pZlVWb0xibks1bHhmU3FHOFVadENtZ0draFYrQTBidnNyKzU4clBQUHMxSXBRaE52OE5UeUF6YjlqeXlNR3pCa0lxRy9YTThvSzJjRW90U0NWRmp2dVVwM2huSGZqd041NmI5TllXRnF3KzQ5R3pDYWZsbzdPdnBRRCt0MmNJZHJIQ2RFY0ZWbS9TMWdhOXJEMnRWcldnUUd6Si9SamZOMHJtWng2R0JsTjMvdHZyNHFmbWh4c052aWpTcVM4cXptb0FyZFpiL3Q4R05qd3JLZWtQVFg4RnJhOFNGQ3h3K3djZ3cxZlAwTUFNcWdJTEk1cm5zMlRvZEZYcURQQ0tBZXo3dUlTMjc0RVRKT0VML01sYk5HZ3RUTnozbE16WlpJbmRubEJxSnBzZU4xTllBNDE3LzViRUlXb2JobFFkQ2lNTm4yck1objlNSDV5Z01XZDhDTFk2RmQ4NjFKdUtwbDZmZjRINTA1WktPRWdqL0FiMzNZU3p1UEQxejZ4UlBzMXJLdDcvUGU4RFRDMy9jQ3pQc1hJSENGSksiLCJkYXRha2V5IjoiQVFFQkFIajZsYzRYSUp3LzdsbjBIYzAwRE1lazZHRXhIQ2JZNFJJcFRNQ0k1OEluVXdBQUFINHdmQVlKS29aSWh2Y05BUWNHb0c4d2JRSUJBREJvQmdrcWhraUc5dzBCQndFd0hnWUpZSVpJQVdVREJBRXVNQkVFREttMEtMU2RaVGNuR2c3b0NBSUJFSUE3UXdHMnMzRW1TS1NXMTVpQ3pLNEtTR2M4a0pid1RmY01acCtLV0RLd01ZL3Z3ZnczTEw5VDVhV1FPRlZBR3N4VUtoVFlLalkxajRSaGtlOD0iLCJ2ZXJzaW9uIjoiMiIsInR5cGUiOiJEQVRBX0tFWSIsImV4cGlyYXRpb24iOjE3NjU0NTM0Nzh9",
            "proxy_endpoint": "https://533267039705.dkr.ecr.us-west-2.amazonaws.com",
            "region": "us-west-2",
            "registry_id": null,
            "user_name": "AWS"
          },
          "sensitive_attributes": [
            [
              {
                "type": "get_attr",
                "value": "authorization_token"
              }
            ],
            [
              {
                "type": "get_attr",
                "value": "password"
              }
            ]
          ],
          "identity_schema_version": 0
        }
      ]
    },
    {
      "mode": "data",
      "type": "aws_iam_role",
      "name": "lab_role",
      "provider": "provider[\"registry.terraform.io/hashicorp/aws\"]",
      "instances": [
        {
          "schema_version": 0,
          "attributes": {
            "arn": "arn:aws:iam::533267039705:role/LabRole",
            "assume_role_policy": "{\"Version\":\"2012-10-17\",\"Statement\":[{\"Effect\":\"Allow\",\"Principal\":{\"Service\":[\"sqs.amazonaws.com\",\"codewhisperer.amazonaws.com\",\"codedeploy.amazonaws.com\",\"eks.amazonaws.com\",\"ssm.amazonaws.com\",\"credentials.iot.amazonaws.com\",\"ecs.amazonaws.com\",\"cloud9.amazonaws.com\",\"secretsmanager.amazonaws.com\",\"redshift.amazonaws.com\",\"ec2.application-autoscaling.amazonaws.com\",\"resource-groups.amazonaws.com\",\"elasticloadbalancing.amazonaws.com\",\"iot.amazonaws.com\",\"cloudformation.amazonaws.com\",\"autoscaling.amazonaws.com\",\"rekognition.amazonaws.com\",\"application-autoscaling.amazonaws.com\",\"elasticfilesystem.amazonaws.com\",\"ec2.amazonaws.com\",\"athena.amazonaws.com\",\"apigateway.amazonaws.com\",\"lambda.amazonaws.com\",\"rds.amazonaws.com\",\"servicecatalog.amazonaws.com\",\"pipes.amazonaws.com\",\"backup.amazonaws.com\",\"events.amazonaws.com\",\"forecast.amazonaws.com\",\"kinesisanalytics.amazonaws.com\",\"databrew.amazonaws.com\",\"batch.amazonaws.com\",\"iotanalytics.amazonaws.com\",\"sns.amazonaws.com\",\"ecs-tasks.amazonaws.com\",\"scheduler.amazonaws.com\",\"s3.amazonaws.com\",\"kinesis.amazonaws.com\",\"elasticmapreduce.amazonaws.com\",\"iotevents.amazonaws.com\",\"sagemaker.amazonaws.com\",\"states.amazonaws.com\",\"kms.amazonaws.com\",\"deepracer.amazonaws.com\",\"eks-fargate-pods.amazonaws.com\",\"elasticbeanstalk.amazonaws.com\",\"cognito-idp.amazonaws.com\",\"dynamodb.amazonaws.com\",\"firehose.amazonaws.com\",\"glue.amazonaws.com\",\"logs.amazonaws.com\",\"codecommit.amazonaws.com\",\"cloudtrail.amazonaws.com\"],\"AWS\":\"arn:aws:iam::533267039705:role/LabRole\"},\"Action\":\"sts:AssumeRole\"}]}",
            "create_date": "2025-09-18T00:45:06Z",
            "description": "",
            "id": "LabRole",
            "max_session_duration": 3600,
            "name": "LabRole",
            "path": "/",
            "permissions_boundary": "",
            "role_last_used": [
              {
                "last_used_date": "2025-12-10T22:54:43Z",
                "region": "us-west-2"
              }
            ],
            "tags": {
              "cloudlab": "c169671a4380641l11655494t1w533267039705"
            },
            "unique_id": "AROAXYKJRIXMXAGQLR4LY"
          },
          "sensitive_attributes": [],
          "identity_schema_version": 0
        }
      ]
    },
    {
      "mode": "managed",
      "type": "docker_image",
      "name": "app",
      "provider": "provider[\"registry.terraform.io/kreuzwerker/docker\"]",
      "instances": [
        {
          "schema_version": 0,
          "attributes": {
            "build": [
              {
                "auth_config": [],
                "build_arg": null,
                "build_args": null,
                "build_id": "",
                "cache_from": [],
                "cgroup_parent": "",
                "context": "..",
                "cpu_period": null,
                "cpu_quota": null,
                "cpu_set_cpus": "",
                "cpu_set_mems": "",
                "cpu_shares": null,
                "dockerfile": "Dockerfile",
                "extra_hosts": [],
                "force_remove": null,
                "isolation": "",
                "label": null,
                "labels": null,
                "memory": null,
                "memory_swap": null,
                "network_mode": "",
                "no_cache": null,
                "path": "",
                "platform": "",
                "pull_parent": null,
                "remote_context": "",
                "remove": true,
                "security_opt": [],
                "session_id": "",
                "shm_size": null,
                "squash": null,
                "suppress_output": null,
                "tag": [],
                "target": "",
                "ulimit": [],
                "version": ""
              }
            ],
            "force_remove": null,
            "id": "sha256:12d4aad2abc4e91fb7f0cd47358b61fc2ecb8679efa0970c0330075a1bb22416533267039705.dkr.ecr.us-west-2.amazonaws.com/week6-experiment-ecr:latest",
            "image_id": "sha256:12d4aad2abc4e91fb7f0cd47358b61fc2ecb8679efa0970c0330075a1bb22416",
            "keep_locally": null,
            "latest": "sha256:12d4aad2abc4e91fb7f0cd47358b61fc2ecb8679efa0970c0330075a1bb22416",
            "name": "533267039705.dkr.ecr.us-west-2.amazonaws.com/week6-experiment-ecr:latest",
            "output": null,
            "platform": null,
            "pull_trigger": null,
            "pull_triggers": null,
            "repo_digest": "",
            "triggers": null
          },
          "sensitive_attributes": [],
          "identity_schema_version": 0,
          "private": "bnVsbA==",
          "dependencies": [
            "data.aws_ecr_authorization_token.registry",
            "module.ecr.aws_ecr_repository.this"
          ]
        }
      ]
    },
    {
      "mode": "managed",
      "type": "docker_registry_image",
      "name": "app",
      "provider": "provider[\"registry.terraform.io/kreuzwerker/docker\"]",
      "instances": [
        {
          "schema_version": 0,
          "attributes": {
            "build": [],
            "id": "sha256:5421a29c1d3ee0a709f0c5ba3571735c189dfbcfa34337ab88c1487ea2127196",
            "insecure_skip_verify": false,
            "keep_remotely": false,
            "name": "533267039705.dkr.ecr.us-west-2.amazonaws.com/week6-experiment-ecr:latest",
            "sha256_digest": "sha256:5421a29c1d3ee0a709f0c5ba3571735c189dfbcfa34337ab88c1487ea2127196",
            "triggers": null
          },
          "sensitive_attributes": [],
          "identity_schema_version": 0,
          "private": "bnVsbA==",
          "dependencies": [
            "data.aws_ecr_authorization_token.registry",
            "docker_image.app",
            "module.ecr.aws_ecr_repository.this"
          ]
        }
      ]
    },
    {
      "module": "module.dynamodb",
      "mode": "managed",
      "type": "aws_dynamodb_table",
      "name": "carts",
      "provider": "provider[\"registry.terraform.io/hashicorp/aws\"]",
      "instances": [
        {
          "schema_version": 1,
          "attributes": {
            "arn": "arn:aws:dynamodb:us-west-2:533267039705:table/week6-experiment-carts",
            "attribute": [
              {
                "name": "user_id",
                "type": "S"
              }
            ],
            "billing_mode": "PAY_PER_REQUEST",
            "deletion_protection_enabled": false,
            "global_secondary_index": [],
            "hash_key": "user_id",
            "id": "week6-experiment-carts",
            "import_table": [],
            "local_secondary_index": [],
            "name": "week6-experiment-carts",
            "on_demand_throughput": [],
            "point_in_time_recovery": [
              {
                "enabled": false,
                "recovery_period_in_days": 0
              }
            ],
            "range_key": null,
            "read_capacity": 0,
            "region": "us-west-2",
            "replica": [],
            "restore_date_time": null,
            "restore_source_name": null,
            "restore_source_table_arn": null,
            "restore_to_latest_time": null,
            "server_side_encryption": [],
            "stream_arn": "",
            "stream_enabled": false,
            "stream_label": "",
            "stream_view_type": "",
            "table_class": "STANDARD",
            "tags": {
              "Environment": "dev",
              "Name": "week6-experiment-carts"
            },
            "tags_all": {
              "Environment": "dev",
              "Name": "week6-experiment-carts"
            },
            "timeouts": null,
            "ttl": [
              {
                "attribute_name": "ttl",
                "enabled": true
              }
            ],
            "write_capacity": 0
          },
          "sensitive_attributes": [],
          "identity_schema_version": 0,
          "private": "eyJlMmJmYjczMC1lY2FhLTExZTYtOGY4OC0zNDM2M2JjN2M0YzAiOnsiY3JlYXRlIjoxODAwMDAwMDAwMDAwLCJkZWxldGUiOjYwMDAwMDAwMDAwMCwidXBkYXRlIjozNjAwMDAwMDAwMDAwfSwic2NoZW1hX3ZlcnNpb24iOiIxIn0="
        }
      ]
    },
    {
      "module": "module.dynamodb",
      "mode": "managed",
      "type": "aws_dynamodb_table",
      "name": "orders",
      "provider": "provider[\"registry.terraform.io/hashicorp/aws\"]",
      "instances": [
        {
          "schema_version": 1,
          "attributes": {
            "arn": "arn:aws:dynamodb:us-west-2:533267039705:table/week6-experiment-orders",
            "attribute": [
              {
                "name": "order_id",
                "type": "S"
              },
              {
                "name": "user_id",
                "type": "S"
              }
            ],
            "billing_mode": "PAY_PER_REQUEST",
            "deletion_protection_enabled": false,
            "global_secondary_index": [
              {
                "hash_key": "user_id",
                "name": "user-index",
                "non_key_attributes": [],
                "on_demand_throughput": [],
                "projection_type": "ALL",
                "range_key": "",
                "read_capacity": 0,
                "write_capacity": 0
              }
            ],
            "hash_key": "order_id",
            "id": "week6-experiment-orders",
            "import_table": [],
            "local_secondary_index": [],
            "name": "week6-experiment-orders",
            "on_demand_throughput": [],
            "point_in_time_recovery": [
              {
                "enabled": false,
                "recovery_period_in_days": 0
              }
            ],
            "range_key": null,
            "read_capacity": 0,
            "region": "us-west-2",
            "replica": [],
            "restore_date_time": null,
            "restore_source_name": null,
            "restore_source_table_arn": null,
            "restore_to_latest_time": null,
            "server_side_encryption": [],
            "stream_arn": "",
            "stream_enabled": false,
            "stream_label": "",
            "stream_view_type": "",
            "table_class": "STANDARD",
            "tags": {
              "Environment": "dev",
              "Name": "week6-experiment-orders"
            },
            "tags_all": {
              "Environment": "dev",
              "Name": "week6-experiment-orders"
            },
            "timeouts": null,
            "ttl": [
              {
                "attribute_name": "",
                "enabled": false
              }
            ],
            "write_capacity": 0
          },
          "sensitive_attributes": [],
          "identity_schema_version": 0,
          "private": "eyJlMmJmYjczMC1lY2FhLTExZTYtOGY4OC0zNDM2M2JjN2M0YzAiOnsiY3JlYXRlIjoxODAwMDAwMDAwMDAwLCJkZWxldGUiOjYwMDAwMDAwMDAwMCwidXBkYXRlIjozNjAwMDAwMDAwMDAwfSwic2NoZW1hX3ZlcnNpb24iOiIxIn0="
        }
      ]
    },
    {
      "module": "module.dynamodb",
      "mode": "managed",
      "type": "aws_dynamodb_table",
      "name": "products",
      "provider": "provider[\"registry.terraform.io/hashicorp/aws\"]",
      "instances": [
        {
          "schema_version": 1,
          "attributes": {
            "arn": "arn:aws:dynamodb:us-west-2:533267039705:table/week6-experiment-products",
            "attribute": [
              {
                "name": "category",
                "type": "S"
              },
              {
                "name": "id",
                "type": "N"
              }
            ],
            "billing_mode": "PAY_PER_REQUEST",
            "deletion_protection_enabled": false,
            "global_secondary_index": [
              {
                "hash_key": "category",
                "name": "category-index",
                "non_key_attributes": [],
                "on_demand_throughput": [],
                "projection_type": "ALL",
                "range_key": "",
                "read_capacity": 0,
                "write_capacity": 0
              }
            ],
            "hash_key": "id",
            "id": "week6-experiment-products",
            "import_table": [],
            "local_secondary_index": [],
            "name": "week6-experiment-products",
            "on_demand_throughput": [],
            "point_in_time_recovery": [
              {
                "enabled": false,
                "recovery_period_in_days": 0
              }
            ],
            "range_key": null,
            "read_capacity": 0,
            "region": "us-west-2",
            "replica": [],
            "restore_date_time": null,
            "restore_source_name": null,
            "restore_source_table_arn": null,
            "restore_to_latest_time": null,
            "server_side_encryption": [],
            "stream_arn": "",
            "stream_enabled": false,
            "stream_label": "",
            "stream_view_type": "",
            "table_class": "STANDARD",
            "tags": {
              "Environment": "dev",
              "Name": "week6-experiment-products"
            },
            "tags_all": {
              "Environment": "dev",
              "Name": "week6-experiment-products"
            },
            "timeouts": null,
            "ttl": [
              {
                "attribute_name": "",
                "enabled": false
              }
            ],
            "write_capacity": 0
          },
          "sensitive_attributes": [],
          "identity_schema_version": 0,
          "private": "eyJlMmJmYjczMC1lY2FhLTExZTYtOGY4OC0zNDM2M2JjN2M0YzAiOnsiY3JlYXRlIjoxODAwMDAwMDAwMDAwLCJkZWxldGUiOjYwMDAwMDAwMDAwMCwidXBkYXRlIjozNjAwMDAwMDAwMDAwfSwic2NoZW1hX3ZlcnNpb24iOiIxIn0="
        }
      ]
    },
    {
      "module": "module.ecr",
      "mode": "managed",
      "type": "aws_ecr_repository",
      "name": "this",
      "provider": "provider[\"registry.terraform.io/hashicorp/aws\"]",
      "instances": [
        {
          "schema_version": 0,
          "attributes": {
            "arn": "arn:aws:ecr:us-west-2:533267039705:repository/week6-experiment-ecr",
            "encryption_configuration": [
              {
                "encryption_type": "AES256",
                "kms_key": ""
              }
            ],
            "force_delete": null,
            "id": "week6-experiment-ecr",
            "image_scanning_configuration": [
              {
                "scan_on_push": false
              }
            ],
            "image_tag_mutability": "MUTABLE",
            "name": "week6-experiment-ecr",
            "region": "us-west-2",
            "registry_id": "533267039705",
            "repository_url": "533267039705.dkr.ecr.us-west-2.amazonaws.com/week6-experiment-ecr",
            "tags": null,
            "tags_all": {},
            "timeouts": null
          },
          "sensitive_attributes": [],
          "identity_schema_version": 0,
          "private": "eyJlMmJmYjczMC1lY2FhLTExZTYtOGY4OC0zNDM2M2JjN2M0YzAiOnsiZGVsZXRlIjoxMjAwMDAwMDAwMDAwfX0="
        }
      ]
    },
    {
      "module": "module.ecs",
      "mode": "managed",
      "type": "aws_appautoscaling_policy",
      "name": "ecs_cpu_policy",
      "provider": "provider[\"registry.terraform.io/hashicorp/aws\"]",
      "instances": [
        {
          "schema_version": 0,
          "attributes": {
            "alarm_arns": [
              "arn:aws:cloudwatch:us-west-2:533267039705:alarm:TargetTracking-service/week6-experiment-cluster/week6-experiment-AlarmHigh-3ee39fd1-4c1b-4bb5-b0a9-d9ddae5e07a0",
              "arn:aws:cloudwatch:us-west-2:533267039705:alarm:TargetTracking-service/week6-experiment-cluster/week6-experiment-AlarmLow-75268114-7b5d-4553-bee9-6dc6886113a4"
            ],
            "arn": "arn:aws:autoscaling:us-west-2:533267039705:scalingPolicy:0156b729-f78a-4ffe-b820-2462405131ce:resource/ecs/service/week6-experiment-cluster/week6-experiment:policyName/week6-experiment-cpu-autoscaling",
            "id": "week6-experiment-cpu-autoscaling",
            "name": "week6-experiment-cpu-autoscaling",
            "policy_type": "TargetTrackingScaling",
            "region": "us-west-2",
            "resource_id": "service/week6-experiment-cluster/week6-experiment",
            "scalable_dimension": "ecs:service:DesiredCount",
            "service_namespace": "ecs",
            "step_scaling_policy_configuration": [],
            "target_tracking_scaling_policy_configuration": [
              {
                "customized_metric_specification": [],
                "disable_scale_in": false,
                "predefined_metric_specification": [
                  {
                    "predefined_metric_type": "ECSServiceAverageCPUUtilization",
                    "resource_label": ""
                  }
                ],
                "scale_in_cooldown": 300,
                "scale_out_cooldown": 300,
                "target_value": 70
              }
            ]
          },
          "sensitive_attributes": [],
          "identity_schema_version": 0,
          "private": "bnVsbA==",
          "dependencies": [
            "data.aws_iam_role.lab_role",
            "module.dynamodb.aws_dynamodb_table.carts",
            "module.dynamodb.aws_dynamodb_table.orders",
            "module.dynamodb.aws_dynamodb_table.products",
            "module.ecr.aws_ecr_repository.this",
            "module.ecs.aws_appautoscaling_target.ecs_target",
            "module.ecs.aws_ecs_cluster.this",
            "module.ecs.aws_ecs_service.this",
            "module.ecs.aws_ecs_task_definition.this",
            "module.ecs.aws_lb.this",
            "module.ecs.aws_lb_listener.this",
            "module.ecs.aws_lb_target_group.this",
            "module.elasticache.aws_elasticache_cluster.this",
            "module.elasticache.aws_elasticache_subnet_group.this",
            "module.elasticache.aws_security_group.redis",
            "module.logging.aws_cloudwatch_log_group.this",
            "module.network.aws_security_group.alb",
            "module.network.aws_security_group.ecs",
            "module.network.data.aws_subnets.default",
            "module.network.data.aws_vpc.default"
          ]
        }
      ]
    },
    {
      "module": "module.ecs",
      "mode": "managed",
      "type": "aws_appautoscaling_policy",
      "name": "ecs_memory_policy",
      "provider": "provider[\"registry.terraform.io/hashicorp/aws\"]",
      "instances": [
        {
          "schema_version": 0,
          "attributes": {
            "alarm_arns": [
              "arn:aws:cloudwatch:us-west-2:533267039705:alarm:TargetTracking-service/week6-experiment-cluster/week6-experiment-AlarmHigh-f46d64b8-dd2f-4857-8164-80ac957abb2f",
              "arn:aws:cloudwatch:us-west-2:533267039705:alarm:TargetTracking-service/week6-experiment-cluster/week6-experiment-AlarmLow-345a5e3f-2f2c-4571-985d-96091af2bfa7"
            ],
            "arn": "arn:aws:autoscaling:us-west-2:533267039705:scalingPolicy:0156b729-f78a-4ffe-b820-2462405131ce:resource/ecs/service/week6-experiment-cluster/week6-experiment:policyName/week6-experiment-memory-autoscaling",
            "id": "week6-experiment-memory-autoscaling",
            "name": "week6-experiment-memory-autoscaling",
            "policy_type": "TargetTrackingScaling",
            "region": "us-west-2",
            "resource_id": "service/week6-experiment-cluster/week6-experiment",
            "scalable_dimension": "ecs:service:DesiredCount",
            "service_namespace": "ecs",
            "step_scaling_policy_configuration": [],
            "target_tracking_scaling_policy_configuration": [
              {
                "customized_metric_specification": [],
                "disable_scale_in": false,
                "predefined_metric_specification": [
                  {
                    "predefined_metric_type": "ECSServiceAverageMemoryUtilization",
                    "resource_label": ""
                  }
                ],
                "scale_in_cooldown": 300,
                "scale_out_cooldown": 300,
                "target_value": 70
              }
            ]
          },
          "sensitive_attributes": [],
          "identity_schema_version": 0,
          "private": "bnVsbA==",
          "dependencies": [
            "data.aws_iam_role.lab_role",
            "module.dynamodb.aws_dynamodb_table.carts",
            "module.dynamodb.aws_dynamodb_table.orders",
            "module.dynamodb.aws_dynamodb_table.products",
            "module.ecr.aws_ecr_repository.this",
            "module.ecs.aws_appautoscaling_target.ecs_target",
            "module.ecs.aws_ecs_cluster.this",
            "module.ecs.aws_ecs_service.this",
            "module.ecs.aws_ecs_task_definition.this",
            "module.ecs.aws_lb.this",
            "module.ecs.aws_lb_listener.this",
            "module.ecs.aws_lb_target_group.this",
            "module.elasticache.aws_elasticache_cluster.this",
            "module.elasticache.aws_elasticache_subnet_group.this",
            "module.elasticache.aws_security_group.redis",
            "module.logging.aws_cloudwatch_log_group.this",
            "module.network.aws_security_group.alb",
            "module.network.aws_security_group.ecs",
            "module.network.data.aws_subnets.default",
            "module.network.data.aws_vpc.default"
          ]
        }
      ]
    },
    {
      "module": "module.ecs",
      "mode": "managed",
      "type": "aws_appautoscaling_target",
      "name": "ecs_target",
      "provider": "provider[\"registry.terraform.io/hashicorp/aws\"]",
      "instances": [
        {
          "schema_version": 0,
          "attributes": {
            "arn": "arn:aws:application-autoscaling:us-west-2:533267039705:scalable-target/0ec50156b729f78a4ffeb8202462405131ce",
            "id": "service/week6-experiment-cluster/week6-experiment",
            "max_capacity": 4,
            "min_capacity": 1,
            "region": "us-west-2",
            "resource_id": "service/week6-experiment-cluster/week6-experiment",
            "role_arn": "arn:aws:iam::533267039705:role/aws-service-role/ecs.application-autoscaling.amazonaws.com/AWSServiceRoleForApplicationAutoScaling_ECSService",
            "scalable_dimension": "ecs:service:DesiredCount",
            "service_namespace": "ecs",
            "suspended_state": [
              {
                "dynamic_scaling_in_suspended": false,
                "dynamic_scaling_out_suspended": false,
                "scheduled_scaling_suspended": false
              }
            ],
            "tags": null,
            "tags_all": {}
          },
          "sensitive_attributes": [],
          "identity_schema_version": 0,
          "private": "bnVsbA==",
          "dependencies": [
            "data.aws_iam_role.lab_role",
            "module.dynamodb.aws_dynamodb_table.carts",
            "module.dynamodb.aws_dynamodb_table.orders",
            "module.dynamodb.aws_dynamodb_table.products",
            "module.ecr.aws_ecr_repository.this",
            "module.ecs.aws_ecs_cluster.this",
            "module.ecs.aws_ecs_service.this",
            "module.ecs.aws_ecs_task_definition.this",
            "module.ecs.aws_lb.this",
            "module.ecs.aws_lb_listener.this",
            "module.ecs.aws_lb_target_group.this",
            "module.elasticache.aws_elasticache_cluster.this",
            "module.elasticache.aws_elasticache_subnet_group.this",
            "module.elasticache.aws_security_group.redis",
            "module.logging.aws_cloudwatch_log_group.this",
            "module.network.aws_security_group.alb",
            "module.network.aws_security_group.ecs",
            "module.network.data.aws_subnets.default",
            "module.network.data.aws_vpc.default"
          ]
        }
      ]
    },
    {
      "module": "module.ecs",
      "mode": "managed",
      "type": "aws_ecs_cluster",
      "name": "this",
      "provider": "provider[\"registry.terraform.io/hashicorp/aws\"]",
      "instances": [
        {
          "schema_version": 0,
          "attributes": {
            "arn": "arn:aws:ecs:us-west-2:533267039705:cluster/week6-experiment-cluster",
            "configuration": [],
            "id": "arn:aws:ecs:us-west-2:533267039705:cluster/week6-experiment-cluster",
            "name": "week6-experiment-cluster",
            "region": "us-west-2",
            "service_connect_defaults": [],
            "setting": [
              {
                "name": "containerInsights",
                "value": "disabled"
              }
            ],
            "tags": null,
            "tags_all": {}
          },
          "sensitive_attributes": [],
          "identity_schema_version": 0,
          "private": "bnVsbA=="
        }
      ]
    },
    {
      "module": "module.ecs",
      "mode": "managed",
      "type": "aws_ecs_service",
      "name": "this",
      "provider": "provider[\"registry.terraform.io/hashicorp/aws\"]",
      "instances": [
        {
          "schema_version": 1,
          "attributes": {
            "alarms": [],
            "arn": "arn:aws:ecs:us-west-2:533267039705:service/week6-experiment-cluster/week6-experiment",
            "availability_zone_rebalancing": "DISABLED",
            "capacity_provider_strategy": [],
            "cluster": "arn:aws:ecs:us-west-2:533267039705:cluster/week6-experiment-cluster",
            "deployment_circuit_breaker": [
              {
                "enable": false,
                "rollback": false
              }
            ],
            "deployment_configuration": [],
            "deployment_controller": [
              {
                "type": "ECS"
              }
            ],
            "deployment_maximum_percent": 200,
            "deployment_minimum_healthy_percent": 100,
            "desired_count": 1,
            "enable_ecs_managed_tags": false,
            "enable_execute_command": false,
            "force_delete": null,
            "force_new_deployment": null,
            "health_check_grace_period_seconds": 0,
            "iam_role": "/aws-service-role/ecs.amazonaws.com/AWSServiceRoleForECS",
            "id": "arn:aws:ecs:us-west-2:533267039705:service/week6-experiment-cluster/week6-experiment",
            "launch_type": "FARGATE",
            "load_balancer": [
              {
                "advanced_configuration": [],
                "container_name": "week6-experiment-container",
                "container_port": 8080,
                "elb_name": "",
                "target_group_arn": "arn:aws:elasticloadbalancing:us-west-2:533267039705:targetgroup/week6-experiment-tg/3c28a1822d5c6f39"
              }
            ],
            "name": "week6-experiment",
            "network_configuration": [
              {
                "assign_public_ip": true,
                "security_groups": [
                  "sg-030b50971f68dff77"
                ],
                "subnets": [
                  "subnet-02c13281c977104de",
                  "subnet-030c2e8c9a5f76266",
                  "subnet-0bf2bb40c18c5d4ee",
                  "subnet-0d91d15005d7411bc"
                ]
              }
            ],
            "ordered_placement_strategy": [],
            "placement_constraints": [],
            "platform_version": "LATEST",
            "propagate_tags": "NONE",
            "region": "us-west-2",
            "scheduling_strategy": "REPLICA",
            "service_connect_configuration": [],
            "service_registries": [],
            "tags": null,
            "tags_all": {},
            "task_definition": "arn:aws:ecs:us-west-2:533267039705:task-definition/week6-experiment-task:4",
            "timeouts": null,
            "triggers": {},
            "volume_configuration": [],
            "vpc_lattice_configurations": [],
            "wait_for_steady_state": false
          },
          "sensitive_attributes": [],
          "identity_schema_version": 0,
          "private": "eyJlMmJmYjczMC1lY2FhLTExZTYtOGY4OC0zNDM2M2JjN2M0YzAiOnsiY3JlYXRlIjoxMjAwMDAwMDAwMDAwLCJkZWxldGUiOjEyMDAwMDAwMDAwMDAsInVwZGF0ZSI6MTIwMDAwMDAwMDAwMH0sInNjaGVtYV92ZXJzaW9uIjoiMSJ9",
          "dependencies": [
            "data.aws_iam_role.lab_role",
            "module.dynamodb.aws_dynamodb_table.carts",
            "module.dynamodb.aws_dynamodb_table.orders",
            "module.dynamodb.aws_dynamodb_table.products",
            "module.ecr.aws_ecr_repository.this",
            "module.ecs.aws_ecs_cluster.this",
            "module.ecs.aws_ecs_task_definition.this",
            "module.ecs.aws_lb.this",
            "module.ecs.aws_lb_listener.this",
            "module.ecs.aws_lb_target_group.this",
            "module.elasticache.aws_elasticache_cluster.this",
            "module.elasticache.aws_elasticache_subnet_group.this",
            "module.elasticache.aws_security_group.redis",
            "module.logging.aws_cloudwatch_log_group.this",
            "module.network.aws_security_group.alb",
            "module.network.aws_security_group.ecs",
            "module.network.data.aws_subnets.default",
            "module.network.data.aws_vpc.default"
          ]
        }
      ]
    },
    {
      "module": "module.ecs",
      "mode": "managed",
      "type": "aws_ecs_task_definition",
      "name": "this",
      "provider": "provider[\"registry.terraform.io/hashicorp/aws\"]",
      "instances": [
        {
          "schema_version": 1,
          "attributes": {
            "arn": "arn:aws:ecs:us-west-2:533267039705:task-definition/week6-experiment-task:4",
            "arn_without_revision": "arn:aws:ecs:us-west-2:533267039705:task-definition/week6-experiment-task",
            "container_definitions": "[{\"environment\":[{\"name\":\"AWS_REGION\",\"value\":\"us-west-2\"},{\"name\":\"DYNAMODB_CARTS_TABLE\",\"value\":\"week6-experiment-carts\"},{\"name\":\"DYNAMODB_ORDERS_TABLE\",\"value\":\"week6-experiment-orders\"},{\"name\":\"DYNAMODB_PRODUCTS_TABLE\",\"value\":\"week6-experiment-products\"},{\"name\":\"REDIS_ENDPOINT\",\"value\":\"week6-experiment-redis.kbex21.0001.usw2.cache.amazonaws.com:6379\"}],\"essential\":true,\"image\":\"533267039705.dkr.ecr.us-west-2.amazonaws.com/week6-experiment-ecr:latest\",\"logConfiguration\":{\"logDriver\":\"awslogs\",\"options\":{\"awslogs-group\":\"/ecs/week6-experiment\",\"awslogs-region\":\"us-west-2\",\"awslogs-stream-prefix\":\"ecs\"}},\"mountPoints\":[],\"name\":\"week6-experiment-container\",\"portMappings\":[{\"containerPort\":8080,\"hostPort\":8080,\"protocol\":\"tcp\"}],\"systemControls\":[],\"volumesFrom\":[]}]",
            "cpu": "256",
            "enable_fault_injection": false,
            "ephemeral_storage": [],
            "execution_role_arn": "arn:aws:iam::533267039705:role/LabRole",
            "family": "week6-experiment-task",
            "id": "week6-experiment-task",
            "ipc_mode": "",
            "memory": "512",
            "network_mode": "awsvpc",
            "pid_mode": "",
            "placement_constraints": [],
            "proxy_configuration": [],
            "region": "us-west-2",
            "requires_compatibilities": [
              "FARGATE"
            ],
            "revision": 4,
            "runtime_platform": [],
            "skip_destroy": false,
            "tags": null,
            "tags_all": {},
            "task_role_arn": "arn:aws:iam::533267039705:role/LabRole",
            "track_latest": false,
            "volume": []
          },
          "sensitive_attributes": [],
          "identity_schema_version": 0,
          "private": "eyJzY2hlbWFfdmVyc2lvbiI6IjEifQ==",
          "dependencies": [
            "data.aws_iam_role.lab_role",
            "module.dynamodb.aws_dynamodb_table.carts",
            "module.dynamodb.aws_dynamodb_table.orders",
            "module.dynamodb.aws_dynamodb_table.products",
            "module.ecr.aws_ecr_repository.this",
            "module.elasticache.aws_elasticache_cluster.this",
            "module.elasticache.aws_elasticache_subnet_group.this",
            "module.elasticache.aws_security_group.redis",
            "module.logging.aws_cloudwatch_log_group.this",
            "module.network.aws_security_group.alb",
            "module.network.aws_security_group.ecs",
            "module.network.data.aws_subnets.default",
            "module.network.data.aws_vpc.default"
          ]
        }
      ]
    },
    {
      "module": "module.ecs",
      "mode": "managed",
      "type": "aws_lb",
      "name": "this",
      "provider": "provider[\"registry.terraform.io/hashicorp/aws\"]",
      "instances": [
        {
          "schema_version": 0,
          "attributes": {
            "access_logs": [
              {
                "bucket": "",
                "enabled": false,
                "prefix": ""
              }
            ],
            "arn": "arn:aws:elasticloadbalancing:us-west-2:533267039705:loadbalancer/app/week6-experiment-alb/9f8f92844fbbf1fe",
            "arn_suffix": "app/week6-experiment-alb/9f8f92844fbbf1fe",
            "client_keep_alive": 3600,
            "connection_logs": [
              {
                "bucket": "",
                "enabled": false,
                "prefix": ""
              }
            ],
            "customer_owned_ipv4_pool": "",
            "desync_mitigation_mode": "defensive",
            "dns_name": "week6-experiment-alb-1340292979.us-west-2.elb.amazonaws.com",
            "dns_record_client_routing_policy": null,
            "drop_invalid_header_fields": false,
            "enable_cross_zone_load_balancing": true,
            "enable_deletion_protection": false,
            "enable_http2": true,
            "enable_tls_version_and_cipher_suite_headers": false,
            "enable_waf_fail_open": false,
            "enable_xff_client_port": false,
            "enable_zonal_shift": false,
            "enforce_security_group_inbound_rules_on_private_link_traffic": "",
            "id": "arn:aws:elasticloadbalancing:us-west-2:533267039705:loadbalancer/app/week6-experiment-alb/9f8f92844fbbf1fe",
            "idle_timeout": 60,
            "internal": false,
            "ip_address_type": "ipv4",
            "ipam_pools": [],
            "load_balancer_type": "application",
            "minimum_load_balancer_capacity": [],
            "name": "week6-experiment-alb",
            "name_prefix": "",
            "preserve_host_header": false,
            "region": "us-west-2",
            "security_groups": [
              "sg-05e1b1c33bf1855ad"
            ],
            "subnet_mapping": [
              {
                "allocation_id": "",
                "ipv6_address": "",
                "outpost_id": "",
                "private_ipv4_address": "",
                "subnet_id": "subnet-02c13281c977104de"
              },
              {
                "allocation_id": "",
                "ipv6_address": "",
                "outpost_id": "",
                "private_ipv4_address": "",
                "subnet_id": "subnet-030c2e8c9a5f76266"
              },
              {
                "allocation_id": "",
                "ipv6_address": "",
                "outpost_id": "",
                "private_ipv4_address": "",
                "subnet_id": "subnet-0bf2bb40c18c5d4ee"
              },
              {
                "allocation_id": "",
                "ipv6_address": "",
                "outpost_id": "",
                "private_ipv4_address": "",
                "subnet_id": "subnet-0d91d15005d7411bc"
              }
            ],
            "subnets": [
              "subnet-02c13281c977104de",
              "subnet-030c2e8c9a5f76266",
              "subnet-0bf2bb40c18c5d4ee",
              "subnet-0d91d15005d7411bc"
            ],
            "tags": {
              "Name": "week6-experiment-alb"
            },
            "tags_all": {
              "Name": "week6-experiment-alb"
            },
            "timeouts": null,
            "vpc_id": "vpc-006d131bdae7cbcdc",
            "xff_header_processing_mode": "append",
            "zone_id": "Z1H1FL5HABSF5"
          },
          "sensitive_attributes": [],
          "identity_schema_version": 0,
          "identity": {
            "arn": "arn:aws:elasticloadbalancing:us-west-2:533267039705:loadbalancer/app/week6-experiment-alb/9f8f92844fbbf1fe"
          },
          "private": "eyJlMmJmYjczMC1lY2FhLTExZTYtOGY4OC0zNDM2M2JjN2M0YzAiOnsiY3JlYXRlIjo2MDAwMDAwMDAwMDAsImRlbGV0ZSI6NjAwMDAwMDAwMDAwLCJ1cGRhdGUiOjYwMDAwMDAwMDAwMH19",
          "dependencies": [
            "module.network.aws_security_group.alb",
            "module.network.data.aws_subnets.default",
            "module.network.data.aws_vpc.default"
          ]
        }
      ]
    },
    {
      "module": "module.ecs",
      "mode": "managed",
      "type": "aws_lb_listener",
      "name": "this",
      "provider": "provider[\"registry.terraform.io/hashicorp/aws\"]",
      "instances": [
        {
          "schema_version": 0,
          "attributes": {
            "alpn_policy": null,
            "arn": "arn:aws:elasticloadbalancing:us-west-2:533267039705:listener/app/week6-experiment-alb/9f8f92844fbbf1fe/a7a4a06c36605793",
            "certificate_arn": null,
            "default_action": [
              {
                "authenticate_cognito": [],
                "authenticate_oidc": [],
                "fixed_response": [],
                "forward": [],
                "order": 1,
                "redirect": [],
                "target_group_arn": "arn:aws:elasticloadbalancing:us-west-2:533267039705:targetgroup/week6-experiment-tg/3c28a1822d5c6f39",
                "type": "forward"
              }
            ],
            "id": "arn:aws:elasticloadbalancing:us-west-2:533267039705:listener/app/week6-experiment-alb/9f8f92844fbbf1fe/a7a4a06c36605793",
            "load_balancer_arn": "arn:aws:elasticloadbalancing:us-west-2:533267039705:loadbalancer/app/week6-experiment-alb/9f8f92844fbbf1fe",
            "mutual_authentication": [],
            "port": 80,
            "protocol": "HTTP",
            "region": "us-west-2",
            "routing_http_request_x_amzn_mtls_clientcert_header_name": null,
            "routing_http_request_x_amzn_mtls_clientcert_issuer_header_name": null,
            "routing_http_request_x_amzn_mtls_clientcert_leaf_header_name": null,
            "routing_http_request_x_amzn_mtls_clientcert_serial_number_header_name": null,
            "routing_http_request_x_amzn_mtls_clientcert_subject_header_name": null,
            "routing_http_request_x_amzn_mtls_clientcert_validity_header_name": null,
            "routing_http_request_x_amzn_tls_cipher_suite_header_name": null,
            "routing_http_request_x_amzn_tls_version_header_name": null,
            "routing_http_response_access_control_allow_credentials_header_value": "",
            "routing_http_response_access_control_allow_headers_header_value": "",
            "routing_http_response_access_control_allow_methods_header_value": "",
            "routing_http_response_access_control_allow_origin_header_value": "",
            "routing_http_response_access_control_expose_headers_header_value": "",
            "routing_http_response_access_control_max_age_header_value": "",
            "routing_http_response_content_security_policy_header_value": "",
            "routing_http_response_server_enabled": true,
            "routing_http_response_strict_transport_security_header_value": "",
            "routing_http_response_x_content_type_options_header_value": "",
            "routing_http_response_x_frame_options_header_value": "",
            "ssl_policy": "",
            "tags": null,
            "tags_all": {},
            "tcp_idle_timeout_seconds": null,
            "timeouts": null
          },
          "sensitive_attributes": [],
          "identity_schema_version": 0,
          "identity": {
            "arn": "arn:aws:elasticloadbalancing:us-west-2:533267039705:listener/app/week6-experiment-alb/9f8f92844fbbf1fe/a7a4a06c36605793"
          },
          "private": "eyJlMmJmYjczMC1lY2FhLTExZTYtOGY4OC0zNDM2M2JjN2M0YzAiOnsiY3JlYXRlIjozMDAwMDAwMDAwMDAsInVwZGF0ZSI6MzAwMDAwMDAwMDAwfX0=",
          "dependencies": [
            "module.ecs.aws_lb.this",
            "module.ecs.aws_lb_target_group.this",
            "module.network.aws_security_group.alb",
            "module.network.data.aws_subnets.default",
            "module.network.data.aws_vpc.default"
          ]
        }
      ]
    },
    {
      "module": "module.ecs",
      "mode": "managed",
      "type": "aws_lb_target_group",
      "name": "this",
      "provider": "provider[\"registry.terraform.io/hashicorp/aws\"]",
      "instances": [
        {
          "schema_version": 0,
          "attributes": {
            "arn": "arn:aws:elasticloadbalancing:us-west-2:533267039705:targetgroup/week6-experiment-tg/3c28a1822d5c6f39",
            "arn_suffix": "targetgroup/week6-experiment-tg/3c28a1822d5c6f39",
            "connection_termination": null,
            "deregistration_delay": "30",
            "health_check": [
              {
                "enabled": true,
                "healthy_threshold": 2,
                "interval": 15,
                "matcher": "200",
                "path": "/health",
                "port": "traffic-port",
                "protocol": "HTTP",
                "timeout": 5,
                "unhealthy_threshold": 3
              }
            ],
            "id": "arn:aws:elasticloadbalancing:us-west-2:533267039705:targetgroup/week6-experiment-tg/3c28a1822d5c6f39",
            "ip_address_type": "ipv4",
            "lambda_multi_value_headers_enabled": false,
            "load_balancer_arns": [],
            "load_balancing_algorithm_type": "round_robin",
            "load_balancing_anomaly_mitigation": "off",
            "load_balancing_cross_zone_enabled": "use_load_balancer_configuration",
            "name": "week6-experiment-tg",
            "name_prefix": "",
            "port": 8080,
            "preserve_client_ip": null,
            "protocol": "HTTP",
            "protocol_version": "HTTP1",
            "proxy_protocol_v2": false,
            "region": "us-west-2",
            "slow_start": 0,
            "stickiness": [
              {
                "cookie_duration": 86400,
                "cookie_name": "",
                "enabled": false,
                "type": "lb_cookie"
              }
            ],
            "tags": {
              "Name": "week6-experiment-tg"
            },
            "tags_all": {
              "Name": "week6-experiment-tg"
            },
            "target_failover": [
              {
                "on_deregistration": null,
                "on_unhealthy": null
              }
            ],
            "target_group_health": [
              {
                "dns_failover": [
                  {
                    "minimum_healthy_targets_count": "1",
                    "minimum_healthy_targets_percentage": "off"
                  }
                ],
                "unhealthy_state_routing": [
                  {
                    "minimum_healthy_targets_count": 1,
                    "minimum_healthy_targets_percentage": "off"
                  }
                ]
              }
            ],
            "target_health_state": [
              {
                "enable_unhealthy_connection_termination": null,
                "unhealthy_draining_interval": null
              }
            ],
            "target_type": "ip",
            "vpc_id": "vpc-006d131bdae7cbcdc"
          },
          "sensitive_attributes": [],
          "identity_schema_version": 0,
          "identity": {
            "arn": "arn:aws:elasticloadbalancing:us-west-2:533267039705:targetgroup/week6-experiment-tg/3c28a1822d5c6f39"
          },
          "private": "bnVsbA==",
          "dependencies": [
            "module.network.data.aws_vpc.default"
          ]
        }
      ]
    },
    {
      "module": "module.elasticache",
      "mode": "managed",
      "type": "aws_elasticache_cluster",
      "name": "this",
      "provider": "provider[\"registry.terraform.io/hashicorp/aws\"]",
      "instances": [
        {
          "schema_version": 0,
          "attributes": {
            "apply_immediately": null,
            "arn": "arn:aws:elasticache:us-west-2:533267039705:cluster:week6-experiment-redis",
            "auto_minor_version_upgrade": "true",
            "availability_zone": "us-west-2b",
            "az_mode": "single-az",
            "cache_nodes": [
              {
                "address": "week6-experiment-redis.kbex21.0001.usw2.cache.amazonaws.com",
                "availability_zone": "us-west-2b",
                "id": "0001",
                "outpost_arn": "",
                "port": 6379
              }
            ],
            "cluster_address": null,
            "cluster_id": "week6-experiment-redis",
            "configuration_endpoint": null,
            "engine": "redis",
            "engine_version": "7.0",
            "engine_version_actual": "7.0.7",
            "final_snapshot_identifier": null,
            "id": "week6-experiment-redis",
            "ip_discovery": "ipv4",
            "log_delivery_configuration": [],
            "maintenance_window": "sun:05:00-sun:06:00",
            "network_type": "ipv4",
            "node_type": "cache.t3.micro",
            "notification_topic_arn": null,
            "num_cache_nodes": 1,
            "outpost_mode": null,
            "parameter_group_name": "default.redis7",
            "port": 6379,
            "preferred_availability_zones": null,
            "preferred_outpost_arn": "",
            "region": "us-west-2",
            "replication_group_id": "",
            "security_group_ids": [
              "sg-067bad710d3a6b5db"
            ],
            "snapshot_arns": null,
            "snapshot_name": null,
            "snapshot_retention_limit": 0,
            "snapshot_window": "08:00-09:00",
            "subnet_group_name": "week6-experiment-redis-subnet",
            "tags": {
              "Environment": "dev",
              "Name": "week6-experiment-redis"
            },
            "tags_all": {
              "Environment": "dev",
              "Name": "week6-experiment-redis"
            },
            "timeouts": null,
            "transit_encryption_enabled": false
          },
          "sensitive_attributes": [],
          "identity_schema_version": 0,
          "private": "eyJlMmJmYjczMC1lY2FhLTExZTYtOGY4OC0zNDM2M2JjN2M0YzAiOnsiY3JlYXRlIjoyNDAwMDAwMDAwMDAwLCJkZWxldGUiOjI0MDAwMDAwMDAwMDAsInVwZGF0ZSI6NDgwMDAwMDAwMDAwMH19",
          "dependencies": [
            "module.elasticache.aws_elasticache_subnet_group.this",
            "module.elasticache.aws_security_group.redis",
            "module.network.aws_security_group.alb",
            "module.network.aws_security_group.ecs",
            "module.network.data.aws_subnets.default",
            "module.network.data.aws_vpc.default"
          ]
        }
      ]
    },
    {
      "module": "module.elasticache",
      "mode": "managed",
      "type": "aws_elasticache_subnet_group",
      "name": "this",
      "provider": "provider[\"registry.terraform.io/hashicorp/aws\"]",
      "instances": [
        {
          "schema_version": 0,
          "attributes": {
            "arn": "arn:aws:elasticache:us-west-2:533267039705:subnetgroup:week6-experiment-redis-subnet",
            "description": "Managed by Terraform",
            "id": "week6-experiment-redis-subnet",
            "name": "week6-experiment-redis-subnet",
            "region": "us-west-2",
            "subnet_ids": [
              "subnet-02c13281c977104de",
              "subnet-030c2e8c9a5f76266",
              "subnet-0bf2bb40c18c5d4ee",
              "subnet-0d91d15005d7411bc"
            ],
            "tags": {
              "Name": "week6-experiment-redis-subnet"
            },
            "tags_all": {
              "Name": "week6-experiment-redis-subnet"
            },
            "vpc_id": "vpc-006d131bdae7cbcdc"
          },
          "sensitive_attributes": [],
          "identity_schema_version": 0,
          "private": "bnVsbA==",
          "dependencies": [
            "module.network.data.aws_subnets.default",
            "module.network.data.aws_vpc.default"
          ]
        }
      ]
    },
    {
      "module": "module.elasticache",
      "mode": "managed",
      "type": "aws_security_group",
      "name": "redis",
      "provider": "provider[\"registry.terraform.io/hashicorp/aws\"]",
      "instances": [
        {
          "schema_version": 1,
          "attributes": {
            "arn": "arn:aws:ec2:us-west-2:533267039705:security-group/sg-067bad710d3a6b5db",
            "description": "Security group for ElastiCache Redis",
            "egress": [
              {
                "cidr_blocks": [
                  "0.0.0.0/0"
                ],
                "description": "",
                "from_port": 0,
                "ipv6_cidr_blocks": [],
                "prefix_list_ids": [],
                "protocol": "-1",
                "security_groups": [],
                "self": false,
                "to_port": 0
              }
            ],
            "id": "sg-067bad710d3a6b5db",
            "ingress": [
              {
                "cidr_blocks": [],
                "description": "Redis from ECS",
                "from_port": 6379,
                "ipv6_cidr_blocks": [],
                "prefix_list_ids": [],
                "protocol": "tcp",
                "security_groups": [
                  "sg-030b50971f68dff77"
                ],
                "self": false,
                "to_port": 6379
              }
            ],
            "name": "week6-experiment-redis-sg",
            "name_prefix": "",
            "owner_id": "533267039705",
            "region": "us-west-2",
            "revoke_rules_on_delete": false,
            "tags": {
              "Name": "week6-experiment-redis-sg"
            },
            "tags_all": {
              "Name": "week6-experiment-redis-sg"
            },
            "timeouts": null,
            "vpc_id": "vpc-006d131bdae7cbcdc"
          },
          "sensitive_attributes": [],
          "identity_schema_version": 0,
          "private": "eyJlMmJmYjczMC1lY2FhLTExZTYtOGY4OC0zNDM2M2JjN2M0YzAiOnsiY3JlYXRlIjo2MDAwMDAwMDAwMDAsImRlbGV0ZSI6OTAwMDAwMDAwMDAwfSwic2NoZW1hX3ZlcnNpb24iOiIxIn0=",
          "dependencies": [
            "module.network.aws_security_group.alb",
            "module.network.aws_security_group.ecs",
            "module.network.data.aws_vpc.default"
          ]
        }
      ]
    },
    {
      "module": "module.logging",
      "mode": "managed",
      "type": "aws_cloudwatch_log_group",
      "name": "this",
      "provider": "provider[\"registry.terraform.io/hashicorp/aws\"]",
      "instances": [
        {
          "schema_version": 0,
          "attributes": {
            "arn": "arn:aws:logs:us-west-2:533267039705:log-group:/ecs/week6-experiment",
            "id": "/ecs/week6-experiment",
            "kms_key_id": "",
            "log_group_class": "STANDARD",
            "name": "/ecs/week6-experiment",
            "name_prefix": "",
            "region": "us-west-2",
            "retention_in_days": 7,
            "skip_destroy": false,
            "tags": null,
            "tags_all": {}
          },
          "sensitive_attributes": [],
          "identity_schema_version": 0,
          "private": "bnVsbA=="
        }
      ]
    },
    {
      "module": "module.network",
      "mode": "data",
      "type": "aws_subnets",
      "name": "default",
      "provider": "provider[\"registry.terraform.io/hashicorp/aws\"]",
      "instances": [
        {
          "schema_version": 0,
          "attributes": {
            "filter": [
              {
                "name": "vpc-id",
                "values": [
                  "vpc-006d131bdae7cbcdc"
                ]
              }
            ],
            "id": "us-west-2",
            "ids": [
              "subnet-0bf2bb40c18c5d4ee",
              "subnet-0d91d15005d7411bc",
              "subnet-030c2e8c9a5f76266",
              "subnet-02c13281c977104de"
            ],
            "region": "us-west-2",
            "tags": null,
            "timeouts": null
          },
          "sensitive_attributes": [],
          "identity_schema_version": 0
        }
      ]
    },
    {
      "module": "module.network",
      "mode": "data",
      "type": "aws_vpc",
      "name": "default",
      "provider": "provider[\"registry.terraform.io/hashicorp/aws\"]",
      "instances": [
        {
          "schema_version": 0,
          "attributes": {
            "arn": "arn:aws:ec2:us-west-2:533267039705:vpc/vpc-006d131bdae7cbcdc",
            "cidr_block": "172.31.0.0/16",
            "cidr_block_associations": [
              {
                "association_id": "vpc-cidr-assoc-04e1b256105043b22",
                "cidr_block": "172.31.0.0/16",
                "state": "associated"
              }
            ],
            "default": true,
            "dhcp_options_id": "dopt-08415a06ed96ac4fd",
            "enable_dns_hostnames": true,
            "enable_dns_support": true,
            "enable_network_address_usage_metrics": false,
            "filter": null,
            "id": "vpc-006d131bdae7cbcdc",
            "instance_tenancy": "default",
            "ipv6_association_id": "",
            "ipv6_cidr_block": "",
            "main_route_table_id": "rtb-0afc6958384bc3934",
            "owner_id": "533267039705",
            "region": "us-west-2",
            "state": null,
            "tags": {},
            "timeouts": null
          },
          "sensitive_attributes": [],
          "identity_schema_version": 0
        }
      ]
    },
    {
      "module": "module.network",
      "mode": "managed",
      "type": "aws_security_group",
      "name": "alb",
      "provider": "provider[\"registry.terraform.io/hashicorp/aws\"]",
      "instances": [
        {
          "schema_version": 1,
          "attributes": {
            "arn": "arn:aws:ec2:us-west-2:533267039705:security-group/sg-05e1b1c33bf1855ad",
            "description": "Allow HTTP traffic to ALB",
            "egress": [
              {
                "cidr_blocks": [
                  "0.0.0.0/0"
                ],
                "description": "Allow all outbound",
                "from_port": 0,
                "ipv6_cidr_blocks": [],
                "prefix_list_ids": [],
                "protocol": "-1",
                "security_groups": [],
                "self": false,
                "to_port": 0
              }
            ],
            "id": "sg-05e1b1c33bf1855ad",
            "ingress": [
              {
                "cidr_blocks": [
                  "0.0.0.0/0"
                ],
                "description": "Allow HTTP from anywhere",
                "from_port": 80,
                "ipv6_cidr_blocks": [],
                "prefix_list_ids": [],
                "protocol": "tcp",
                "security_groups": [],
                "self": false,
                "to_port": 80
              }
            ],
            "name": "week6-experiment-alb-sg",
            "name_prefix": "",
            "owner_id": "533267039705",
            "region": "us-west-2",
            "revoke_rules_on_delete": false,
            "tags": {
              "Name": "week6-experiment-alb-sg"
            },
            "tags_all": {
              "Name": "week6-experiment-alb-sg"
            },
            "timeouts": null,
            "vpc_id": "vpc-006d131bdae7cbcdc"
          },
          "sensitive_attributes": [],
          "identity_schema_version": 0,
          "private": "eyJlMmJmYjczMC1lY2FhLTExZTYtOGY4OC0zNDM2M2JjN2M0YzAiOnsiY3JlYXRlIjo2MDAwMDAwMDAwMDAsImRlbGV0ZSI6OTAwMDAwMDAwMDAwfSwic2NoZW1hX3ZlcnNpb24iOiIxIn0=",
          "dependencies": [
            "module.network.data.aws_vpc.default"
          ]
        }
      ]
    },
    {
      "module": "module.network",
      "mode": "managed",
      "type": "aws_security_group",
      "name": "ecs",
      "provider": "provider[\"registry.terraform.io/hashicorp/aws\"]",
      "instances": [
        {
          "schema_version": 1,
          "attributes": {
            "arn": "arn:aws:ec2:us-west-2:533267039705:security-group/sg-030b50971f68dff77",
            "description": "Allow traffic from ALB to ECS tasks",
            "egress": [
              {
                "cidr_blocks": [
                  "0.0.0.0/0"
                ],
                "description": "Allow all outbound",
                "from_port": 0,
                "ipv6_cidr_blocks": [],
                "prefix_list_ids": [],
                "protocol": "-1",
                "security_groups": [],
                "self": false,
                "to_port": 0
              }
            ],
            "id": "sg-030b50971f68dff77",
            "ingress": [
              {
                "cidr_blocks": [],
                "description": "Allow traffic from ALB",
                "from_port": 8080,
                "ipv6_cidr_blocks": [],
                "prefix_list_ids": [],
                "protocol": "tcp",
                "security_groups": [
                  "sg-05e1b1c33bf1855ad"
                ],
                "self": false,
                "to_port": 8080
              }
            ],
            "name": "week6-experiment-ecs-sg",
            "name_prefix": "",
            "owner_id": "533267039705",
            "region": "us-west-2",
            "revoke_rules_on_delete": false,
            "tags": {
              "Name": "week6-experiment-ecs-sg"
            },
            "tags_all": {
              "Name": "week6-experiment-ecs-sg"
            },
            "timeouts": null,
            "vpc_id": "vpc-006d131bdae7cbcdc"
          },
          "sensitive_attributes": [],
          "identity_schema_version": 0,
          "private": "eyJlMmJmYjczMC1lY2FhLTExZTYtOGY4OC0zNDM2M2JjN2M0YzAiOnsiY3JlYXRlIjo2MDAwMDAwMDAwMDAsImRlbGV0ZSI6OTAwMDAwMDAwMDAwfSwic2NoZW1hX3ZlcnNpb24iOiIxIn0=",
          "dependencies": [
            "module.network.aws_security_group.alb",
            "module.network.data.aws_vpc.default"
          ]
        }
      ]
    }
  ],
  "check_results": null
}
