{
  "version": 4,
  "terraform_version": "1.13.2",
  "serial": 54,
  "lineage": "5862086d-1ee4-ad4a-02ee-aa84e5a0015f",
  "outputs": {
    "alb_dns_name": {
      "value": "week6-experiment-alb-1790288216.us-west-2.elb.amazonaws.com",
      "type": "string"
    },
    "aws_region": {
      "value": "us-west-2",
      "type": "string"
    },
    "cloudwatch_log_group": {
      "value": "/ecs/week6-experiment",
      "type": "string"
    },
    "dynamodb_carts_table": {
      "value": "week6-experiment-carts",
      "type": "string"
    },
    "dynamodb_orders_table": {
      "value": "week6-experiment-orders",
      "type": "string"
    },
    "dynamodb_products_table": {
      "value": "week6-experiment-products",
      "type": "string"
    },
    "ecr_repository_url": {
      "value": "533267039705.dkr.ecr.us-west-2.amazonaws.com/week6-experiment-ecr",
      "type": "string"
    },
    "ecs_cluster_name": {
      "value": "week6-experiment-cluster",
      "type": "string"
    },
    "ecs_service_name": {
      "value": "week6-experiment",
      "type": "string"
    }
  },
  "resources": [
    {
      "mode": "data",
      "type": "aws_ecr_authorization_token",
      "name": "registry",
      "provider": "provider[\"registry.terraform.io/hashicorp/aws\"]",
      "instances": [
        {
          "schema_version": 0,
          "attributes": {
            "authorization_token": "QVdTOmV5SndZWGxzYjJGa0lqb2lUelpsV0VjNGQweE9TMG93VHk5T05YUm5NRVZyUnpGSlpHeHVWR1IwVldRelZscGpURlZwZGl0bmNtUTJjVFpxT0cwemNDOW1TQ3RuTUdGT1pIbGtTa0ZtYmtnelRVMHlhek00WWs5R2IwRm5aa2N4YjI1a1VtaDZRaloxY21KU05YQjZRbGRsTHl0eWRHNUJjazVFU0hONk5qTmpkRVF2WW14bk1VbEhORTl6VUZoSGRuSnBjRGxpZDFwa2FrbHBSa292ZURWTE5HdFhVV0pHYWxCbFZITmpiVWt4YjBzNFpGRm1UVUpZUzBSMlVsQnVNMHBrY1hsUlNUQXlVMHB1V1ZkM0wxcE9TUzlzYXpGRE1VZ3lWRFZrTWpWV1FrbEdiVUZhZW5oVlltcHNLMGxwV0d0dU1HNUtSM1JSYkZwSWQxUlJkMFZPTjNJeFZUWnlXa1pwWVcweEwyaHhTRmx6WWpsMVYwMDFUalJvVWtGSmRtZHNRa1Z1Y1VSd01GZDJZVWxET0dkeGRFTnpUekJwUzJRMmVVaEJMMU01ZVZWUUx6bHpLM2QxZDNoNE5UUlpTbGx2WW1OS05VcFJjVTFCV0hkT1ltbEpTMUk1Y2t4aVVtbzNkbGsxVGpKMmMyczJMelJxV0RsNE1YcDJabXBYTkdsaU1tTlJjbkZrVUZWc1dFZE9RMVJaYURGWGVFMVBWQ3Q2ZDNOaE4zcFpPVW94VUZkR05EaDRLMHN2YzBKR2RESnVPR3BEV0dodU1EUkxhbTVUVTJ0c2MzcHVOMnR3VEhGT1lrRmhTbmRxVXk5TGJqRTFTVkZ3Vld4NGRFRXpiRTl5TTNscWVsUk9NalpyYm1acmN6RXlibkZpWlROdWRsQnRTbGhHVUVWVmFVSlFWMFUyVURSR1ZYbE1SR2xTSzNoTldtMWlTMWxQVEVWNVVqVXlPRFJxU2xoNFExaGFRUzkxVXk4M2JIVTJkRlUwWW13ck1uRTVkR1ZvSzAwd2JGazFUM0p0T0VwNFlXUTVZeklyWTI1cVJXVk9lbTlpYzI1TlRrOHJXbTlhUlVweE5WcGpNVWRaY3pSc1pEaGlTSEJTZW1oM01VUklSVVIyY2xKSEsyc3diekZPTTB0eVNuSjVVVVp2YUVjMGMwWkVjelZQWWxwbFdEVkNjamxoY0dkVU1FUTRWVzFVWnpscE1HMDRZU3RyZDI1blFWTk9lbVJSTW1GdWJTczJNVVpuVEVvd2JpczRhVllyYVdwb1pHdHljVE5GSzFONWVEVm1hM0p2UlVZMlZXZEhValJXVkdkVUt6aHNSSGxaZDJ0cGJFNTFLelJOUldwT01rMUxjRWhUSzFKUlJFUlZWVFpVYTBZMWJURkxiWGxwZGxkcFMwNWpVWHBNV0dSdU1XSjNSRTVhVDNRdlFXRlpRazg0V0hGeVNVaENWMG9yWmtrMGFGSnhRalpJUzFKRlZuVmxXa2RQWTFRd2VFNXBaWE4xTDJSSWJrRXlTRzlWZFhOWFJrdFpabkEyTVVsR01pc3Jka1JrUzFCb016ZEZNVkJxWW1OMmVYaE9PV0p5TlVKT2RtRTRhVzB6WTNVeU9HbENOVTFCVHpsaVZrNXRNa3hGUkZNdmNGWmpUVzVUUXpWa1VXSkxWRGMyTXpscU4wdDNkMmw2WlRoSmVUZ3ZZMWRSZHpoMmNtZERUelJDWm5GRGVHaGxOSEIwY0hRMlZVc3JiVUY0Tlc1SVNDOUxjR0ZHTlhCM1dsQXhiRkJhV2pVd01USk1jblZaY0ZCaVlsQk5VREZYWkdoVk5rWTBWVU5uTlZsWWEwYzJaUzgzUWtGdWVFdzBjRFpQSzFBMmN6QlJTMlZ2ZVdab1lUUXlTbFl2TVVWR1RXRTFRV0pvVjNSUFpqSnhNa04yYWk5VWRqSk9URVpVTkhaS1YwOU1OM295VFZaS2JqQkdlVmhvSzBWWmJsUmxZVFZSVUZodE5HNDJjMWxaUm1aeWJGRjBWbXd4TkhSaFFYRnRkMk5LU0U1SE1rTkNUM2RpUjJVNGJXazVhMkZ5V1ZrdlUzcFFSekkxZEVGSGVGUk5jR1FyUTNneFMweG9Va3BtYlV0bVdHMTNTRTVNY1RCc1MxUmlOM2RpYmxaWGNVdzVMMVpXS3psak5VNUJSRzVhVXpsQ2VHbEZOR2hRWjNOb09HY3ZNVGs1WW0xS05GaHlUWFZsUzNkVGJrRjRUSFJKVTNGSk1EVmtZbGxTWm1aYWJqQnZibkIwYVdkelNFWlVVU3RtZW5saVpFZFRUVUpRV1dJaUxDSmtZWFJoYTJWNUlqb2lRVkZGUWtGSWFqWnNZelJZU1VwM0x6ZHNiakJJWXpBd1JFMWxhelpIUlhoSVEySlpORkpKY0ZSTlEwazFPRWx1VlhkQlFVRklOSGRtUVZsS1MyOWFTV2gyWTA1QlVXTkhiMGM0ZDJKUlNVSkJSRUp2UW1kcmNXaHJhVWM1ZHpCQ1FuZEZkMGhuV1VwWlNWcEpRVmRWUkVKQlJYVk5Ra1ZGUkU1d1oyZFpUbU5KYm5SSGEyaE1ZbmhCU1VKRlNVRTNNa1ZuTVZkWGFtc3pWMHR5UzJwdFFsazJOVEJCVjNCMGVEaHJRMGhSVmxKb05IcFlTM2MyUldsS2VVOXNORmxoTmxJeVEyRnFjVEJaVGpsWmJsUk1SRE5yVHpOSFZUaHhWVnA0ZEZOdVp6MGlMQ0oyWlhKemFXOXVJam9pTWlJc0luUjVjR1VpT2lKRVFWUkJYMHRGV1NJc0ltVjRjR2x5WVhScGIyNGlPakUzTmpVME1ESXlOVGw5",
            "expires_at": "2025-12-10T21:30:59Z",
            "id": "us-west-2",
            "password": "eyJwYXlsb2FkIjoiTzZlWEc4d0xOS0owTy9ONXRnMEVrRzFJZGxuVGR0VWQzVlpjTFVpditncmQ2cTZqOG0zcC9mSCtnMGFOZHlkSkFmbkgzTU0yazM4Yk9Gb0FnZkcxb25kUmh6QjZ1cmJSNXB6QldlLytydG5Bck5ESHN6NjNjdEQvYmxnMUlHNE9zUFhHdnJpcDlid1pkaklpRkoveDVLNGtXUWJGalBlVHNjbUkxb0s4ZFFmTUJYS0R2UlBuM0pkcXlRSTAyU0puWVd3L1pOSS9sazFDMUgyVDVkMjVWQklGbUFaenhVYmpsK0lpWGtuMG5KR3RRbFpId1RRd0VON3IxVTZyWkZpYW0xL2hxSFlzYjl1V001TjRoUkFJdmdsQkVucURwMFd2YUlDOGdxdENzTzBpS2Q2eUhBL1M5eVVQLzlzK3d1d3h4NTRZSllvYmNKNUpRcU1BWHdOYmlJS1I5ckxiUmo3dlk1TjJ2c2s2LzRqWDl4MXp2ZmpXNGliMmNRcnFkUFVsWEdOQ1RZaDFXeE1PVCt6d3NhN3pZOUoxUFdGNDh4K0svc0JGdDJuOGpDWGhuMDRLam5TU2tsc3puN2twTHFOYkFhSndqUy9LbjE1SVFwVWx4dEEzbE9yM3lqelROMjZrbmZrczEybnFiZTNudlBtSlhGUEVVaUJQV0U2UDRGVXlMRGlSK3hNWm1iS1lPTEV5UjUyODRqSlh4Q1haQS91Uy83bHU2dFU0YmwrMnE5dGVoK00wbFk1T3JtOEp4YWQ5YzIrY25qRWVOem9ic25NTk8rWm9aRUpxNVpjMUdZczRsZDhiSHBSemh3MURIRUR2clJHK2swbzFOM0tySnJ5UUZvaEc0c0ZEczVPYlplWDVCcjlhcGdUMEQ4VW1UZzlpMG04YStrd25nQVNOemRRMmFubSs2MUZnTEowbis4aVYraWpoZGtycTNFK1N5eDVma3JvRUY2VWdHUjRWVGdUKzhsRHlZd2tpbE51KzRNRWpOMk1LcEhTK1JRRERVVTZUa0Y1bTFLbXlpdldpS05jUXpMWGRuMWJ3RE5aT3QvQWFZQk84WHFySUhCV0orZkk0aFJxQjZIS1JFVnVlWkdPY1QweE5pZXN1L2RIbkEySG9VdXNXRktZZnA2MUlGMisrdkRkS1BoMzdFMVBqYmN2eXhOOWJyNUJOdmE4aW0zY3UyOGlCNU1BTzliVk5tMkxFRFMvcFZjTW5TQzVkUWJLVDc2MzlqN0t3d2l6ZThJeTgvY1dRdzh2cmdDTzRCZnFDeGhlNHB0cHQ2VUsrbUF4NW5ISC9LcGFGNXB3WlAxbFBaWjUwMTJMcnVZcFBiYlBNUDFXZGhVNkY0VUNnNVlYa0c2ZS83QkFueEw0cDZPK1A2czBRS2VveWZoYTQySlYvMUVGTWE1QWJoV3RPZjJxMkN2ai9UdjJOTEZUNHZKV09MN3oyTVZKbjBGeVhoK0VZblRlYTVRUFhtNG42c1lZRmZybFF0VmwxNHRhQXFtd2NKSE5HMkNCT3diR2U4bWk5a2FyWVkvU3pQRzI1dEFHeFRNcGQrQ3gxS0xoUkpmbUtmWG13SE5McTBsS1RiN3diblZXcUw5L1ZWKzljNU5BRG5aUzlCeGlFNGhQZ3NoOGcvMTk5Ym1KNFhyTXVlS3dTbkF4THRJU3FJMDVkYllSZmZabjBvbnB0aWdzSEZUUStmenliZEdTTUJQWWIiLCJkYXRha2V5IjoiQVFFQkFIajZsYzRYSUp3LzdsbjBIYzAwRE1lazZHRXhIQ2JZNFJJcFRNQ0k1OEluVXdBQUFINHdmQVlKS29aSWh2Y05BUWNHb0c4d2JRSUJBREJvQmdrcWhraUc5dzBCQndFd0hnWUpZSVpJQVdVREJBRXVNQkVFRE5wZ2dZTmNJbnRHa2hMYnhBSUJFSUE3MkVnMVdXamszV0tyS2ptQlk2NTBBV3B0eDhrQ0hRVlJoNHpYS3c2RWlKeU9sNFlhNlIyQ2FqcTBZTjlZblRMRDNrTzNHVThxVVp4dFNuZz0iLCJ2ZXJzaW9uIjoiMiIsInR5cGUiOiJEQVRBX0tFWSIsImV4cGlyYXRpb24iOjE3NjU0MDIyNTl9",
            "proxy_endpoint": "https://533267039705.dkr.ecr.us-west-2.amazonaws.com",
            "region": "us-west-2",
            "registry_id": null,
            "user_name": "AWS"
          },
          "sensitive_attributes": [
            [
              {
                "type": "get_attr",
                "value": "authorization_token"
              }
            ],
            [
              {
                "type": "get_attr",
                "value": "password"
              }
            ]
          ],
          "identity_schema_version": 0
        }
      ]
    },
    {
      "mode": "data",
      "type": "aws_iam_role",
      "name": "lab_role",
      "provider": "provider[\"registry.terraform.io/hashicorp/aws\"]",
      "instances": [
        {
          "schema_version": 0,
          "attributes": {
            "arn": "arn:aws:iam::533267039705:role/LabRole",
            "assume_role_policy": "{\"Version\":\"2012-10-17\",\"Statement\":[{\"Effect\":\"Allow\",\"Principal\":{\"AWS\":\"arn:aws:iam::533267039705:role/LabRole\",\"Service\":[\"iot.amazonaws.com\",\"elasticloadbalancing.amazonaws.com\",\"ecs-tasks.amazonaws.com\",\"iotevents.amazonaws.com\",\"application-autoscaling.amazonaws.com\",\"codecommit.amazonaws.com\",\"lambda.amazonaws.com\",\"sns.amazonaws.com\",\"iotanalytics.amazonaws.com\",\"events.amazonaws.com\",\"logs.amazonaws.com\",\"rekognition.amazonaws.com\",\"eks.amazonaws.com\",\"elasticfilesystem.amazonaws.com\",\"kinesis.amazonaws.com\",\"kinesisanalytics.amazonaws.com\",\"secretsmanager.amazonaws.com\",\"eks-fargate-pods.amazonaws.com\",\"cloudtrail.amazonaws.com\",\"dynamodb.amazonaws.com\",\"deepracer.amazonaws.com\",\"glue.amazonaws.com\",\"databrew.amazonaws.com\",\"sagemaker.amazonaws.com\",\"ssm.amazonaws.com\",\"cognito-idp.amazonaws.com\",\"kms.amazonaws.com\",\"elasticmapreduce.amazonaws.com\",\"cloudformation.amazonaws.com\",\"scheduler.amazonaws.com\",\"batch.amazonaws.com\",\"s3.amazonaws.com\",\"redshift.amazonaws.com\",\"firehose.amazonaws.com\",\"apigateway.amazonaws.com\",\"states.amazonaws.com\",\"ecs.amazonaws.com\",\"codedeploy.amazonaws.com\",\"sqs.amazonaws.com\",\"elasticbeanstalk.amazonaws.com\",\"ec2.application-autoscaling.amazonaws.com\",\"pipes.amazonaws.com\",\"backup.amazonaws.com\",\"forecast.amazonaws.com\",\"cloud9.amazonaws.com\",\"athena.amazonaws.com\",\"ec2.amazonaws.com\",\"autoscaling.amazonaws.com\",\"codewhisperer.amazonaws.com\",\"rds.amazonaws.com\",\"credentials.iot.amazonaws.com\",\"resource-groups.amazonaws.com\",\"servicecatalog.amazonaws.com\"]},\"Action\":\"sts:AssumeRole\"}]}",
            "create_date": "2025-09-18T00:45:06Z",
            "description": "",
            "id": "LabRole",
            "max_session_duration": 3600,
            "name": "LabRole",
            "path": "/",
            "permissions_boundary": "",
            "role_last_used": [
              {
                "last_used_date": "2025-12-10T09:10:11Z",
                "region": "us-west-2"
              }
            ],
            "tags": {
              "cloudlab": "c169671a4380641l11655494t1w533267039705"
            },
            "unique_id": "AROAXYKJRIXMXAGQLR4LY"
          },
          "sensitive_attributes": [],
          "identity_schema_version": 0
        }
      ]
    },
    {
      "mode": "managed",
      "type": "docker_image",
      "name": "app",
      "provider": "provider[\"registry.terraform.io/kreuzwerker/docker\"]",
      "instances": [
        {
          "schema_version": 0,
          "attributes": {
            "build": [
              {
                "auth_config": [],
                "build_arg": null,
                "build_args": null,
                "build_id": "",
                "cache_from": [],
                "cgroup_parent": "",
                "context": "..",
                "cpu_period": null,
                "cpu_quota": null,
                "cpu_set_cpus": "",
                "cpu_set_mems": "",
                "cpu_shares": null,
                "dockerfile": "Dockerfile",
                "extra_hosts": [],
                "force_remove": null,
                "isolation": "",
                "label": null,
                "labels": null,
                "memory": null,
                "memory_swap": null,
                "network_mode": "",
                "no_cache": null,
                "path": "",
                "platform": "",
                "pull_parent": null,
                "remote_context": "",
                "remove": true,
                "security_opt": [],
                "session_id": "",
                "shm_size": null,
                "squash": null,
                "suppress_output": null,
                "tag": [],
                "target": "",
                "ulimit": [],
                "version": ""
              }
            ],
            "force_remove": null,
            "id": "sha256:bd5a84bb256d2b94f3db0e92d97de8eef878cc369bbd9624fb9d8b8c5d93ef37533267039705.dkr.ecr.us-west-2.amazonaws.com/week6-experiment-ecr:latest",
            "image_id": "sha256:bd5a84bb256d2b94f3db0e92d97de8eef878cc369bbd9624fb9d8b8c5d93ef37",
            "keep_locally": null,
            "latest": "sha256:bd5a84bb256d2b94f3db0e92d97de8eef878cc369bbd9624fb9d8b8c5d93ef37",
            "name": "533267039705.dkr.ecr.us-west-2.amazonaws.com/week6-experiment-ecr:latest",
            "output": null,
            "platform": null,
            "pull_trigger": null,
            "pull_triggers": null,
            "repo_digest": "",
            "triggers": null
          },
          "sensitive_attributes": [],
          "identity_schema_version": 0,
          "private": "bnVsbA==",
          "dependencies": [
            "data.aws_ecr_authorization_token.registry",
            "module.ecr.aws_ecr_repository.this"
          ]
        }
      ]
    },
    {
      "mode": "managed",
      "type": "docker_registry_image",
      "name": "app",
      "provider": "provider[\"registry.terraform.io/kreuzwerker/docker\"]",
      "instances": [
        {
          "schema_version": 0,
          "attributes": {
            "build": [],
            "id": "sha256:effae926f76ad617ea09de5cffc779699e18f8239ae1b6c5f32b47668d544ca5",
            "insecure_skip_verify": false,
            "keep_remotely": false,
            "name": "533267039705.dkr.ecr.us-west-2.amazonaws.com/week6-experiment-ecr:latest",
            "sha256_digest": "sha256:effae926f76ad617ea09de5cffc779699e18f8239ae1b6c5f32b47668d544ca5",
            "triggers": null
          },
          "sensitive_attributes": [],
          "identity_schema_version": 0,
          "private": "bnVsbA==",
          "dependencies": [
            "data.aws_ecr_authorization_token.registry",
            "docker_image.app",
            "module.ecr.aws_ecr_repository.this"
          ]
        }
      ]
    },
    {
      "module": "module.dynamodb",
      "mode": "managed",
      "type": "aws_dynamodb_table",
      "name": "carts",
      "provider": "provider[\"registry.terraform.io/hashicorp/aws\"]",
      "instances": [
        {
          "schema_version": 1,
          "attributes": {
            "arn": "arn:aws:dynamodb:us-west-2:533267039705:table/week6-experiment-carts",
            "attribute": [
              {
                "name": "user_id",
                "type": "S"
              }
            ],
            "billing_mode": "PAY_PER_REQUEST",
            "deletion_protection_enabled": false,
            "global_secondary_index": [],
            "hash_key": "user_id",
            "id": "week6-experiment-carts",
            "import_table": [],
            "local_secondary_index": [],
            "name": "week6-experiment-carts",
            "on_demand_throughput": [],
            "point_in_time_recovery": [
              {
                "enabled": false,
                "recovery_period_in_days": 0
              }
            ],
            "range_key": null,
            "read_capacity": 0,
            "region": "us-west-2",
            "replica": [],
            "restore_date_time": null,
            "restore_source_name": null,
            "restore_source_table_arn": null,
            "restore_to_latest_time": null,
            "server_side_encryption": [],
            "stream_arn": "",
            "stream_enabled": false,
            "stream_label": "",
            "stream_view_type": "",
            "table_class": "STANDARD",
            "tags": {
              "Environment": "dev",
              "Name": "week6-experiment-carts"
            },
            "tags_all": {
              "Environment": "dev",
              "Name": "week6-experiment-carts"
            },
            "timeouts": null,
            "ttl": [
              {
                "attribute_name": "ttl",
                "enabled": true
              }
            ],
            "write_capacity": 0
          },
          "sensitive_attributes": [],
          "identity_schema_version": 0,
          "private": "eyJlMmJmYjczMC1lY2FhLTExZTYtOGY4OC0zNDM2M2JjN2M0YzAiOnsiY3JlYXRlIjoxODAwMDAwMDAwMDAwLCJkZWxldGUiOjYwMDAwMDAwMDAwMCwidXBkYXRlIjozNjAwMDAwMDAwMDAwfSwic2NoZW1hX3ZlcnNpb24iOiIxIn0="
        }
      ]
    },
    {
      "module": "module.dynamodb",
      "mode": "managed",
      "type": "aws_dynamodb_table",
      "name": "orders",
      "provider": "provider[\"registry.terraform.io/hashicorp/aws\"]",
      "instances": [
        {
          "schema_version": 1,
          "attributes": {
            "arn": "arn:aws:dynamodb:us-west-2:533267039705:table/week6-experiment-orders",
            "attribute": [
              {
                "name": "order_id",
                "type": "S"
              },
              {
                "name": "user_id",
                "type": "S"
              }
            ],
            "billing_mode": "PAY_PER_REQUEST",
            "deletion_protection_enabled": false,
            "global_secondary_index": [
              {
                "hash_key": "user_id",
                "name": "user-index",
                "non_key_attributes": [],
                "on_demand_throughput": [],
                "projection_type": "ALL",
                "range_key": "",
                "read_capacity": 0,
                "write_capacity": 0
              }
            ],
            "hash_key": "order_id",
            "id": "week6-experiment-orders",
            "import_table": [],
            "local_secondary_index": [],
            "name": "week6-experiment-orders",
            "on_demand_throughput": [],
            "point_in_time_recovery": [
              {
                "enabled": false,
                "recovery_period_in_days": 0
              }
            ],
            "range_key": null,
            "read_capacity": 0,
            "region": "us-west-2",
            "replica": [],
            "restore_date_time": null,
            "restore_source_name": null,
            "restore_source_table_arn": null,
            "restore_to_latest_time": null,
            "server_side_encryption": [],
            "stream_arn": "",
            "stream_enabled": false,
            "stream_label": "",
            "stream_view_type": "",
            "table_class": "STANDARD",
            "tags": {
              "Environment": "dev",
              "Name": "week6-experiment-orders"
            },
            "tags_all": {
              "Environment": "dev",
              "Name": "week6-experiment-orders"
            },
            "timeouts": null,
            "ttl": [
              {
                "attribute_name": "",
                "enabled": false
              }
            ],
            "write_capacity": 0
          },
          "sensitive_attributes": [],
          "identity_schema_version": 0,
          "private": "eyJlMmJmYjczMC1lY2FhLTExZTYtOGY4OC0zNDM2M2JjN2M0YzAiOnsiY3JlYXRlIjoxODAwMDAwMDAwMDAwLCJkZWxldGUiOjYwMDAwMDAwMDAwMCwidXBkYXRlIjozNjAwMDAwMDAwMDAwfSwic2NoZW1hX3ZlcnNpb24iOiIxIn0="
        }
      ]
    },
    {
      "module": "module.dynamodb",
      "mode": "managed",
      "type": "aws_dynamodb_table",
      "name": "products",
      "provider": "provider[\"registry.terraform.io/hashicorp/aws\"]",
      "instances": [
        {
          "schema_version": 1,
          "attributes": {
            "arn": "arn:aws:dynamodb:us-west-2:533267039705:table/week6-experiment-products",
            "attribute": [
              {
                "name": "category",
                "type": "S"
              },
              {
                "name": "id",
                "type": "N"
              }
            ],
            "billing_mode": "PAY_PER_REQUEST",
            "deletion_protection_enabled": false,
            "global_secondary_index": [
              {
                "hash_key": "category",
                "name": "category-index",
                "non_key_attributes": [],
                "on_demand_throughput": [],
                "projection_type": "ALL",
                "range_key": "",
                "read_capacity": 0,
                "write_capacity": 0
              }
            ],
            "hash_key": "id",
            "id": "week6-experiment-products",
            "import_table": [],
            "local_secondary_index": [],
            "name": "week6-experiment-products",
            "on_demand_throughput": [],
            "point_in_time_recovery": [
              {
                "enabled": false,
                "recovery_period_in_days": 0
              }
            ],
            "range_key": null,
            "read_capacity": 0,
            "region": "us-west-2",
            "replica": [],
            "restore_date_time": null,
            "restore_source_name": null,
            "restore_source_table_arn": null,
            "restore_to_latest_time": null,
            "server_side_encryption": [],
            "stream_arn": "",
            "stream_enabled": false,
            "stream_label": "",
            "stream_view_type": "",
            "table_class": "STANDARD",
            "tags": {
              "Environment": "dev",
              "Name": "week6-experiment-products"
            },
            "tags_all": {
              "Environment": "dev",
              "Name": "week6-experiment-products"
            },
            "timeouts": null,
            "ttl": [
              {
                "attribute_name": "",
                "enabled": false
              }
            ],
            "write_capacity": 0
          },
          "sensitive_attributes": [],
          "identity_schema_version": 0,
          "private": "eyJlMmJmYjczMC1lY2FhLTExZTYtOGY4OC0zNDM2M2JjN2M0YzAiOnsiY3JlYXRlIjoxODAwMDAwMDAwMDAwLCJkZWxldGUiOjYwMDAwMDAwMDAwMCwidXBkYXRlIjozNjAwMDAwMDAwMDAwfSwic2NoZW1hX3ZlcnNpb24iOiIxIn0="
        }
      ]
    },
    {
      "module": "module.ecr",
      "mode": "managed",
      "type": "aws_ecr_repository",
      "name": "this",
      "provider": "provider[\"registry.terraform.io/hashicorp/aws\"]",
      "instances": [
        {
          "schema_version": 0,
          "attributes": {
            "arn": "arn:aws:ecr:us-west-2:533267039705:repository/week6-experiment-ecr",
            "encryption_configuration": [
              {
                "encryption_type": "AES256",
                "kms_key": ""
              }
            ],
            "force_delete": null,
            "id": "week6-experiment-ecr",
            "image_scanning_configuration": [
              {
                "scan_on_push": false
              }
            ],
            "image_tag_mutability": "MUTABLE",
            "name": "week6-experiment-ecr",
            "region": "us-west-2",
            "registry_id": "533267039705",
            "repository_url": "533267039705.dkr.ecr.us-west-2.amazonaws.com/week6-experiment-ecr",
            "tags": null,
            "tags_all": {},
            "timeouts": null
          },
          "sensitive_attributes": [],
          "identity_schema_version": 0,
          "private": "eyJlMmJmYjczMC1lY2FhLTExZTYtOGY4OC0zNDM2M2JjN2M0YzAiOnsiZGVsZXRlIjoxMjAwMDAwMDAwMDAwfX0="
        }
      ]
    },
    {
      "module": "module.ecs",
      "mode": "managed",
      "type": "aws_appautoscaling_policy",
      "name": "ecs_cpu_policy",
      "provider": "provider[\"registry.terraform.io/hashicorp/aws\"]",
      "instances": [
        {
          "schema_version": 0,
          "attributes": {
            "alarm_arns": [
              "arn:aws:cloudwatch:us-west-2:533267039705:alarm:TargetTracking-service/week6-experiment-cluster/week6-experiment-AlarmHigh-d59fd526-bd3d-4335-af89-a28610e8a1f4",
              "arn:aws:cloudwatch:us-west-2:533267039705:alarm:TargetTracking-service/week6-experiment-cluster/week6-experiment-AlarmLow-60f6a0b1-54ba-4ff6-936e-f3017cf06203"
            ],
            "arn": "arn:aws:autoscaling:us-west-2:533267039705:scalingPolicy:ad835e27-e880-4897-a2a0-e7f97ba32bda:resource/ecs/service/week6-experiment-cluster/week6-experiment:policyName/week6-experiment-cpu-autoscaling",
            "id": "week6-experiment-cpu-autoscaling",
            "name": "week6-experiment-cpu-autoscaling",
            "policy_type": "TargetTrackingScaling",
            "region": "us-west-2",
            "resource_id": "service/week6-experiment-cluster/week6-experiment",
            "scalable_dimension": "ecs:service:DesiredCount",
            "service_namespace": "ecs",
            "step_scaling_policy_configuration": [],
            "target_tracking_scaling_policy_configuration": [
              {
                "customized_metric_specification": [],
                "disable_scale_in": false,
                "predefined_metric_specification": [
                  {
                    "predefined_metric_type": "ECSServiceAverageCPUUtilization",
                    "resource_label": ""
                  }
                ],
                "scale_in_cooldown": 300,
                "scale_out_cooldown": 300,
                "target_value": 70
              }
            ]
          },
          "sensitive_attributes": [],
          "identity_schema_version": 0,
          "private": "bnVsbA==",
          "dependencies": [
            "data.aws_iam_role.lab_role",
            "module.dynamodb.aws_dynamodb_table.carts",
            "module.dynamodb.aws_dynamodb_table.orders",
            "module.dynamodb.aws_dynamodb_table.products",
            "module.ecr.aws_ecr_repository.this",
            "module.ecs.aws_appautoscaling_target.ecs_target",
            "module.ecs.aws_ecs_cluster.this",
            "module.ecs.aws_ecs_service.this",
            "module.ecs.aws_ecs_task_definition.this",
            "module.ecs.aws_lb.this",
            "module.ecs.aws_lb_listener.this",
            "module.ecs.aws_lb_target_group.this",
            "module.logging.aws_cloudwatch_log_group.this",
            "module.network.aws_security_group.alb",
            "module.network.aws_security_group.ecs",
            "module.network.data.aws_subnets.default",
            "module.network.data.aws_vpc.default"
          ]
        }
      ]
    },
    {
      "module": "module.ecs",
      "mode": "managed",
      "type": "aws_appautoscaling_policy",
      "name": "ecs_memory_policy",
      "provider": "provider[\"registry.terraform.io/hashicorp/aws\"]",
      "instances": [
        {
          "schema_version": 0,
          "attributes": {
            "alarm_arns": [
              "arn:aws:cloudwatch:us-west-2:533267039705:alarm:TargetTracking-service/week6-experiment-cluster/week6-experiment-AlarmHigh-06b41028-65e3-4b9b-ad0c-f68c50c9d367",
              "arn:aws:cloudwatch:us-west-2:533267039705:alarm:TargetTracking-service/week6-experiment-cluster/week6-experiment-AlarmLow-0fb214dc-169d-4a45-8537-e8b6a6382c73"
            ],
            "arn": "arn:aws:autoscaling:us-west-2:533267039705:scalingPolicy:ad835e27-e880-4897-a2a0-e7f97ba32bda:resource/ecs/service/week6-experiment-cluster/week6-experiment:policyName/week6-experiment-memory-autoscaling",
            "id": "week6-experiment-memory-autoscaling",
            "name": "week6-experiment-memory-autoscaling",
            "policy_type": "TargetTrackingScaling",
            "region": "us-west-2",
            "resource_id": "service/week6-experiment-cluster/week6-experiment",
            "scalable_dimension": "ecs:service:DesiredCount",
            "service_namespace": "ecs",
            "step_scaling_policy_configuration": [],
            "target_tracking_scaling_policy_configuration": [
              {
                "customized_metric_specification": [],
                "disable_scale_in": false,
                "predefined_metric_specification": [
                  {
                    "predefined_metric_type": "ECSServiceAverageMemoryUtilization",
                    "resource_label": ""
                  }
                ],
                "scale_in_cooldown": 300,
                "scale_out_cooldown": 300,
                "target_value": 70
              }
            ]
          },
          "sensitive_attributes": [],
          "identity_schema_version": 0,
          "private": "bnVsbA==",
          "dependencies": [
            "data.aws_iam_role.lab_role",
            "module.dynamodb.aws_dynamodb_table.carts",
            "module.dynamodb.aws_dynamodb_table.orders",
            "module.dynamodb.aws_dynamodb_table.products",
            "module.ecr.aws_ecr_repository.this",
            "module.ecs.aws_appautoscaling_target.ecs_target",
            "module.ecs.aws_ecs_cluster.this",
            "module.ecs.aws_ecs_service.this",
            "module.ecs.aws_ecs_task_definition.this",
            "module.ecs.aws_lb.this",
            "module.ecs.aws_lb_listener.this",
            "module.ecs.aws_lb_target_group.this",
            "module.logging.aws_cloudwatch_log_group.this",
            "module.network.aws_security_group.alb",
            "module.network.aws_security_group.ecs",
            "module.network.data.aws_subnets.default",
            "module.network.data.aws_vpc.default"
          ]
        }
      ]
    },
    {
      "module": "module.ecs",
      "mode": "managed",
      "type": "aws_appautoscaling_target",
      "name": "ecs_target",
      "provider": "provider[\"registry.terraform.io/hashicorp/aws\"]",
      "instances": [
        {
          "schema_version": 0,
          "attributes": {
            "arn": "arn:aws:application-autoscaling:us-west-2:533267039705:scalable-target/0ec5ad835e27e8804897a2a0e7f97ba32bda",
            "id": "service/week6-experiment-cluster/week6-experiment",
            "max_capacity": 4,
            "min_capacity": 1,
            "region": "us-west-2",
            "resource_id": "service/week6-experiment-cluster/week6-experiment",
            "role_arn": "arn:aws:iam::533267039705:role/aws-service-role/ecs.application-autoscaling.amazonaws.com/AWSServiceRoleForApplicationAutoScaling_ECSService",
            "scalable_dimension": "ecs:service:DesiredCount",
            "service_namespace": "ecs",
            "suspended_state": [
              {
                "dynamic_scaling_in_suspended": false,
                "dynamic_scaling_out_suspended": false,
                "scheduled_scaling_suspended": false
              }
            ],
            "tags": null,
            "tags_all": {}
          },
          "sensitive_attributes": [],
          "identity_schema_version": 0,
          "private": "bnVsbA==",
          "dependencies": [
            "data.aws_iam_role.lab_role",
            "module.dynamodb.aws_dynamodb_table.carts",
            "module.dynamodb.aws_dynamodb_table.orders",
            "module.dynamodb.aws_dynamodb_table.products",
            "module.ecr.aws_ecr_repository.this",
            "module.ecs.aws_ecs_cluster.this",
            "module.ecs.aws_ecs_service.this",
            "module.ecs.aws_ecs_task_definition.this",
            "module.ecs.aws_lb.this",
            "module.ecs.aws_lb_listener.this",
            "module.ecs.aws_lb_target_group.this",
            "module.logging.aws_cloudwatch_log_group.this",
            "module.network.aws_security_group.alb",
            "module.network.aws_security_group.ecs",
            "module.network.data.aws_subnets.default",
            "module.network.data.aws_vpc.default"
          ]
        }
      ]
    },
    {
      "module": "module.ecs",
      "mode": "managed",
      "type": "aws_ecs_cluster",
      "name": "this",
      "provider": "provider[\"registry.terraform.io/hashicorp/aws\"]",
      "instances": [
        {
          "schema_version": 0,
          "attributes": {
            "arn": "arn:aws:ecs:us-west-2:533267039705:cluster/week6-experiment-cluster",
            "configuration": [],
            "id": "arn:aws:ecs:us-west-2:533267039705:cluster/week6-experiment-cluster",
            "name": "week6-experiment-cluster",
            "region": "us-west-2",
            "service_connect_defaults": [],
            "setting": [
              {
                "name": "containerInsights",
                "value": "disabled"
              }
            ],
            "tags": null,
            "tags_all": {}
          },
          "sensitive_attributes": [],
          "identity_schema_version": 0,
          "private": "bnVsbA=="
        }
      ]
    },
    {
      "module": "module.ecs",
      "mode": "managed",
      "type": "aws_ecs_service",
      "name": "this",
      "provider": "provider[\"registry.terraform.io/hashicorp/aws\"]",
      "instances": [
        {
          "schema_version": 1,
          "attributes": {
            "alarms": [],
            "arn": "arn:aws:ecs:us-west-2:533267039705:service/week6-experiment-cluster/week6-experiment",
            "availability_zone_rebalancing": "DISABLED",
            "capacity_provider_strategy": [],
            "cluster": "arn:aws:ecs:us-west-2:533267039705:cluster/week6-experiment-cluster",
            "deployment_circuit_breaker": [
              {
                "enable": false,
                "rollback": false
              }
            ],
            "deployment_configuration": [],
            "deployment_controller": [
              {
                "type": "ECS"
              }
            ],
            "deployment_maximum_percent": 200,
            "deployment_minimum_healthy_percent": 100,
            "desired_count": 1,
            "enable_ecs_managed_tags": false,
            "enable_execute_command": false,
            "force_delete": null,
            "force_new_deployment": null,
            "health_check_grace_period_seconds": 0,
            "iam_role": "/aws-service-role/ecs.amazonaws.com/AWSServiceRoleForECS",
            "id": "arn:aws:ecs:us-west-2:533267039705:service/week6-experiment-cluster/week6-experiment",
            "launch_type": "FARGATE",
            "load_balancer": [
              {
                "advanced_configuration": [],
                "container_name": "week6-experiment-container",
                "container_port": 8080,
                "elb_name": "",
                "target_group_arn": "arn:aws:elasticloadbalancing:us-west-2:533267039705:targetgroup/week6-experiment-tg/95863fc375b1c06f"
              }
            ],
            "name": "week6-experiment",
            "network_configuration": [
              {
                "assign_public_ip": true,
                "security_groups": [
                  "sg-0217dff15887510cd"
                ],
                "subnets": [
                  "subnet-02c13281c977104de",
                  "subnet-030c2e8c9a5f76266",
                  "subnet-0bf2bb40c18c5d4ee",
                  "subnet-0d91d15005d7411bc"
                ]
              }
            ],
            "ordered_placement_strategy": [],
            "placement_constraints": [],
            "platform_version": "LATEST",
            "propagate_tags": "NONE",
            "region": "us-west-2",
            "scheduling_strategy": "REPLICA",
            "service_connect_configuration": [],
            "service_registries": [],
            "tags": null,
            "tags_all": {},
            "task_definition": "arn:aws:ecs:us-west-2:533267039705:task-definition/week6-experiment-task:2",
            "timeouts": null,
            "triggers": {},
            "volume_configuration": [],
            "vpc_lattice_configurations": [],
            "wait_for_steady_state": false
          },
          "sensitive_attributes": [],
          "identity_schema_version": 0,
          "private": "eyJlMmJmYjczMC1lY2FhLTExZTYtOGY4OC0zNDM2M2JjN2M0YzAiOnsiY3JlYXRlIjoxMjAwMDAwMDAwMDAwLCJkZWxldGUiOjEyMDAwMDAwMDAwMDAsInVwZGF0ZSI6MTIwMDAwMDAwMDAwMH0sInNjaGVtYV92ZXJzaW9uIjoiMSJ9",
          "dependencies": [
            "data.aws_iam_role.lab_role",
            "module.dynamodb.aws_dynamodb_table.carts",
            "module.dynamodb.aws_dynamodb_table.orders",
            "module.dynamodb.aws_dynamodb_table.products",
            "module.ecr.aws_ecr_repository.this",
            "module.ecs.aws_ecs_cluster.this",
            "module.ecs.aws_ecs_task_definition.this",
            "module.ecs.aws_lb.this",
            "module.ecs.aws_lb_listener.this",
            "module.ecs.aws_lb_target_group.this",
            "module.logging.aws_cloudwatch_log_group.this",
            "module.network.aws_security_group.alb",
            "module.network.aws_security_group.ecs",
            "module.network.data.aws_subnets.default",
            "module.network.data.aws_vpc.default"
          ]
        }
      ]
    },
    {
      "module": "module.ecs",
      "mode": "managed",
      "type": "aws_ecs_task_definition",
      "name": "this",
      "provider": "provider[\"registry.terraform.io/hashicorp/aws\"]",
      "instances": [
        {
          "schema_version": 1,
          "attributes": {
            "arn": "arn:aws:ecs:us-west-2:533267039705:task-definition/week6-experiment-task:2",
            "arn_without_revision": "arn:aws:ecs:us-west-2:533267039705:task-definition/week6-experiment-task",
            "container_definitions": "[{\"environment\":[{\"name\":\"AWS_REGION\",\"value\":\"us-west-2\"},{\"name\":\"DYNAMODB_CARTS_TABLE\",\"value\":\"week6-experiment-carts\"},{\"name\":\"DYNAMODB_ORDERS_TABLE\",\"value\":\"week6-experiment-orders\"},{\"name\":\"DYNAMODB_PRODUCTS_TABLE\",\"value\":\"week6-experiment-products\"}],\"essential\":true,\"image\":\"533267039705.dkr.ecr.us-west-2.amazonaws.com/week6-experiment-ecr:latest\",\"logConfiguration\":{\"logDriver\":\"awslogs\",\"options\":{\"awslogs-stream-prefix\":\"ecs\",\"awslogs-group\":\"/ecs/week6-experiment\",\"awslogs-region\":\"us-west-2\"}},\"mountPoints\":[],\"name\":\"week6-experiment-container\",\"portMappings\":[{\"containerPort\":8080,\"hostPort\":8080,\"protocol\":\"tcp\"}],\"systemControls\":[],\"volumesFrom\":[]}]",
            "cpu": "256",
            "enable_fault_injection": false,
            "ephemeral_storage": [],
            "execution_role_arn": "arn:aws:iam::533267039705:role/LabRole",
            "family": "week6-experiment-task",
            "id": "week6-experiment-task",
            "ipc_mode": "",
            "memory": "512",
            "network_mode": "awsvpc",
            "pid_mode": "",
            "placement_constraints": [],
            "proxy_configuration": [],
            "region": "us-west-2",
            "requires_compatibilities": [
              "FARGATE"
            ],
            "revision": 2,
            "runtime_platform": [],
            "skip_destroy": false,
            "tags": null,
            "tags_all": {},
            "task_role_arn": "arn:aws:iam::533267039705:role/LabRole",
            "track_latest": false,
            "volume": []
          },
          "sensitive_attributes": [],
          "identity_schema_version": 0,
          "private": "eyJzY2hlbWFfdmVyc2lvbiI6IjEifQ==",
          "dependencies": [
            "data.aws_iam_role.lab_role",
            "module.dynamodb.aws_dynamodb_table.carts",
            "module.dynamodb.aws_dynamodb_table.orders",
            "module.dynamodb.aws_dynamodb_table.products",
            "module.ecr.aws_ecr_repository.this",
            "module.logging.aws_cloudwatch_log_group.this"
          ]
        }
      ]
    },
    {
      "module": "module.ecs",
      "mode": "managed",
      "type": "aws_lb",
      "name": "this",
      "provider": "provider[\"registry.terraform.io/hashicorp/aws\"]",
      "instances": [
        {
          "schema_version": 0,
          "attributes": {
            "access_logs": [
              {
                "bucket": "",
                "enabled": false,
                "prefix": ""
              }
            ],
            "arn": "arn:aws:elasticloadbalancing:us-west-2:533267039705:loadbalancer/app/week6-experiment-alb/6aa278d1066eee94",
            "arn_suffix": "app/week6-experiment-alb/6aa278d1066eee94",
            "client_keep_alive": 3600,
            "connection_logs": [
              {
                "bucket": "",
                "enabled": false,
                "prefix": ""
              }
            ],
            "customer_owned_ipv4_pool": "",
            "desync_mitigation_mode": "defensive",
            "dns_name": "week6-experiment-alb-1790288216.us-west-2.elb.amazonaws.com",
            "dns_record_client_routing_policy": null,
            "drop_invalid_header_fields": false,
            "enable_cross_zone_load_balancing": true,
            "enable_deletion_protection": false,
            "enable_http2": true,
            "enable_tls_version_and_cipher_suite_headers": false,
            "enable_waf_fail_open": false,
            "enable_xff_client_port": false,
            "enable_zonal_shift": false,
            "enforce_security_group_inbound_rules_on_private_link_traffic": "",
            "id": "arn:aws:elasticloadbalancing:us-west-2:533267039705:loadbalancer/app/week6-experiment-alb/6aa278d1066eee94",
            "idle_timeout": 60,
            "internal": false,
            "ip_address_type": "ipv4",
            "ipam_pools": [],
            "load_balancer_type": "application",
            "minimum_load_balancer_capacity": [],
            "name": "week6-experiment-alb",
            "name_prefix": "",
            "preserve_host_header": false,
            "region": "us-west-2",
            "security_groups": [
              "sg-065476aa2bdb4d3df"
            ],
            "subnet_mapping": [
              {
                "allocation_id": "",
                "ipv6_address": "",
                "outpost_id": "",
                "private_ipv4_address": "",
                "subnet_id": "subnet-02c13281c977104de"
              },
              {
                "allocation_id": "",
                "ipv6_address": "",
                "outpost_id": "",
                "private_ipv4_address": "",
                "subnet_id": "subnet-030c2e8c9a5f76266"
              },
              {
                "allocation_id": "",
                "ipv6_address": "",
                "outpost_id": "",
                "private_ipv4_address": "",
                "subnet_id": "subnet-0bf2bb40c18c5d4ee"
              },
              {
                "allocation_id": "",
                "ipv6_address": "",
                "outpost_id": "",
                "private_ipv4_address": "",
                "subnet_id": "subnet-0d91d15005d7411bc"
              }
            ],
            "subnets": [
              "subnet-02c13281c977104de",
              "subnet-030c2e8c9a5f76266",
              "subnet-0bf2bb40c18c5d4ee",
              "subnet-0d91d15005d7411bc"
            ],
            "tags": {
              "Name": "week6-experiment-alb"
            },
            "tags_all": {
              "Name": "week6-experiment-alb"
            },
            "timeouts": null,
            "vpc_id": "vpc-006d131bdae7cbcdc",
            "xff_header_processing_mode": "append",
            "zone_id": "Z1H1FL5HABSF5"
          },
          "sensitive_attributes": [],
          "identity_schema_version": 0,
          "identity": {
            "arn": "arn:aws:elasticloadbalancing:us-west-2:533267039705:loadbalancer/app/week6-experiment-alb/6aa278d1066eee94"
          },
          "private": "eyJlMmJmYjczMC1lY2FhLTExZTYtOGY4OC0zNDM2M2JjN2M0YzAiOnsiY3JlYXRlIjo2MDAwMDAwMDAwMDAsImRlbGV0ZSI6NjAwMDAwMDAwMDAwLCJ1cGRhdGUiOjYwMDAwMDAwMDAwMH19",
          "dependencies": [
            "module.network.aws_security_group.alb",
            "module.network.data.aws_subnets.default",
            "module.network.data.aws_vpc.default"
          ]
        }
      ]
    },
    {
      "module": "module.ecs",
      "mode": "managed",
      "type": "aws_lb_listener",
      "name": "this",
      "provider": "provider[\"registry.terraform.io/hashicorp/aws\"]",
      "instances": [
        {
          "schema_version": 0,
          "attributes": {
            "alpn_policy": null,
            "arn": "arn:aws:elasticloadbalancing:us-west-2:533267039705:listener/app/week6-experiment-alb/6aa278d1066eee94/87bcb316f9cc7200",
            "certificate_arn": null,
            "default_action": [
              {
                "authenticate_cognito": [],
                "authenticate_oidc": [],
                "fixed_response": [],
                "forward": [],
                "order": 1,
                "redirect": [],
                "target_group_arn": "arn:aws:elasticloadbalancing:us-west-2:533267039705:targetgroup/week6-experiment-tg/95863fc375b1c06f",
                "type": "forward"
              }
            ],
            "id": "arn:aws:elasticloadbalancing:us-west-2:533267039705:listener/app/week6-experiment-alb/6aa278d1066eee94/87bcb316f9cc7200",
            "load_balancer_arn": "arn:aws:elasticloadbalancing:us-west-2:533267039705:loadbalancer/app/week6-experiment-alb/6aa278d1066eee94",
            "mutual_authentication": [],
            "port": 80,
            "protocol": "HTTP",
            "region": "us-west-2",
            "routing_http_request_x_amzn_mtls_clientcert_header_name": null,
            "routing_http_request_x_amzn_mtls_clientcert_issuer_header_name": null,
            "routing_http_request_x_amzn_mtls_clientcert_leaf_header_name": null,
            "routing_http_request_x_amzn_mtls_clientcert_serial_number_header_name": null,
            "routing_http_request_x_amzn_mtls_clientcert_subject_header_name": null,
            "routing_http_request_x_amzn_mtls_clientcert_validity_header_name": null,
            "routing_http_request_x_amzn_tls_cipher_suite_header_name": null,
            "routing_http_request_x_amzn_tls_version_header_name": null,
            "routing_http_response_access_control_allow_credentials_header_value": "",
            "routing_http_response_access_control_allow_headers_header_value": "",
            "routing_http_response_access_control_allow_methods_header_value": "",
            "routing_http_response_access_control_allow_origin_header_value": "",
            "routing_http_response_access_control_expose_headers_header_value": "",
            "routing_http_response_access_control_max_age_header_value": "",
            "routing_http_response_content_security_policy_header_value": "",
            "routing_http_response_server_enabled": true,
            "routing_http_response_strict_transport_security_header_value": "",
            "routing_http_response_x_content_type_options_header_value": "",
            "routing_http_response_x_frame_options_header_value": "",
            "ssl_policy": "",
            "tags": null,
            "tags_all": {},
            "tcp_idle_timeout_seconds": null,
            "timeouts": null
          },
          "sensitive_attributes": [],
          "identity_schema_version": 0,
          "identity": {
            "arn": "arn:aws:elasticloadbalancing:us-west-2:533267039705:listener/app/week6-experiment-alb/6aa278d1066eee94/87bcb316f9cc7200"
          },
          "private": "eyJlMmJmYjczMC1lY2FhLTExZTYtOGY4OC0zNDM2M2JjN2M0YzAiOnsiY3JlYXRlIjozMDAwMDAwMDAwMDAsInVwZGF0ZSI6MzAwMDAwMDAwMDAwfX0=",
          "dependencies": [
            "module.ecs.aws_lb.this",
            "module.ecs.aws_lb_target_group.this",
            "module.network.aws_security_group.alb",
            "module.network.data.aws_subnets.default",
            "module.network.data.aws_vpc.default"
          ]
        }
      ]
    },
    {
      "module": "module.ecs",
      "mode": "managed",
      "type": "aws_lb_target_group",
      "name": "this",
      "provider": "provider[\"registry.terraform.io/hashicorp/aws\"]",
      "instances": [
        {
          "schema_version": 0,
          "attributes": {
            "arn": "arn:aws:elasticloadbalancing:us-west-2:533267039705:targetgroup/week6-experiment-tg/95863fc375b1c06f",
            "arn_suffix": "targetgroup/week6-experiment-tg/95863fc375b1c06f",
            "connection_termination": null,
            "deregistration_delay": "30",
            "health_check": [
              {
                "enabled": true,
                "healthy_threshold": 2,
                "interval": 15,
                "matcher": "200",
                "path": "/health",
                "port": "traffic-port",
                "protocol": "HTTP",
                "timeout": 5,
                "unhealthy_threshold": 3
              }
            ],
            "id": "arn:aws:elasticloadbalancing:us-west-2:533267039705:targetgroup/week6-experiment-tg/95863fc375b1c06f",
            "ip_address_type": "ipv4",
            "lambda_multi_value_headers_enabled": false,
            "load_balancer_arns": [],
            "load_balancing_algorithm_type": "round_robin",
            "load_balancing_anomaly_mitigation": "off",
            "load_balancing_cross_zone_enabled": "use_load_balancer_configuration",
            "name": "week6-experiment-tg",
            "name_prefix": "",
            "port": 8080,
            "preserve_client_ip": null,
            "protocol": "HTTP",
            "protocol_version": "HTTP1",
            "proxy_protocol_v2": false,
            "region": "us-west-2",
            "slow_start": 0,
            "stickiness": [
              {
                "cookie_duration": 86400,
                "cookie_name": "",
                "enabled": false,
                "type": "lb_cookie"
              }
            ],
            "tags": {
              "Name": "week6-experiment-tg"
            },
            "tags_all": {
              "Name": "week6-experiment-tg"
            },
            "target_failover": [
              {
                "on_deregistration": null,
                "on_unhealthy": null
              }
            ],
            "target_group_health": [
              {
                "dns_failover": [
                  {
                    "minimum_healthy_targets_count": "1",
                    "minimum_healthy_targets_percentage": "off"
                  }
                ],
                "unhealthy_state_routing": [
                  {
                    "minimum_healthy_targets_count": 1,
                    "minimum_healthy_targets_percentage": "off"
                  }
                ]
              }
            ],
            "target_health_state": [
              {
                "enable_unhealthy_connection_termination": null,
                "unhealthy_draining_interval": null
              }
            ],
            "target_type": "ip",
            "vpc_id": "vpc-006d131bdae7cbcdc"
          },
          "sensitive_attributes": [],
          "identity_schema_version": 0,
          "identity": {
            "arn": "arn:aws:elasticloadbalancing:us-west-2:533267039705:targetgroup/week6-experiment-tg/95863fc375b1c06f"
          },
          "private": "bnVsbA==",
          "dependencies": [
            "module.network.data.aws_vpc.default"
          ]
        }
      ]
    },
    {
      "module": "module.logging",
      "mode": "managed",
      "type": "aws_cloudwatch_log_group",
      "name": "this",
      "provider": "provider[\"registry.terraform.io/hashicorp/aws\"]",
      "instances": [
        {
          "schema_version": 0,
          "attributes": {
            "arn": "arn:aws:logs:us-west-2:533267039705:log-group:/ecs/week6-experiment",
            "id": "/ecs/week6-experiment",
            "kms_key_id": "",
            "log_group_class": "STANDARD",
            "name": "/ecs/week6-experiment",
            "name_prefix": "",
            "region": "us-west-2",
            "retention_in_days": 7,
            "skip_destroy": false,
            "tags": null,
            "tags_all": {}
          },
          "sensitive_attributes": [],
          "identity_schema_version": 0,
          "private": "bnVsbA=="
        }
      ]
    },
    {
      "module": "module.network",
      "mode": "data",
      "type": "aws_subnets",
      "name": "default",
      "provider": "provider[\"registry.terraform.io/hashicorp/aws\"]",
      "instances": [
        {
          "schema_version": 0,
          "attributes": {
            "filter": [
              {
                "name": "vpc-id",
                "values": [
                  "vpc-006d131bdae7cbcdc"
                ]
              }
            ],
            "id": "us-west-2",
            "ids": [
              "subnet-0bf2bb40c18c5d4ee",
              "subnet-0d91d15005d7411bc",
              "subnet-030c2e8c9a5f76266",
              "subnet-02c13281c977104de"
            ],
            "region": "us-west-2",
            "tags": null,
            "timeouts": null
          },
          "sensitive_attributes": [],
          "identity_schema_version": 0
        }
      ]
    },
    {
      "module": "module.network",
      "mode": "data",
      "type": "aws_vpc",
      "name": "default",
      "provider": "provider[\"registry.terraform.io/hashicorp/aws\"]",
      "instances": [
        {
          "schema_version": 0,
          "attributes": {
            "arn": "arn:aws:ec2:us-west-2:533267039705:vpc/vpc-006d131bdae7cbcdc",
            "cidr_block": "172.31.0.0/16",
            "cidr_block_associations": [
              {
                "association_id": "vpc-cidr-assoc-04e1b256105043b22",
                "cidr_block": "172.31.0.0/16",
                "state": "associated"
              }
            ],
            "default": true,
            "dhcp_options_id": "dopt-08415a06ed96ac4fd",
            "enable_dns_hostnames": true,
            "enable_dns_support": true,
            "enable_network_address_usage_metrics": false,
            "filter": null,
            "id": "vpc-006d131bdae7cbcdc",
            "instance_tenancy": "default",
            "ipv6_association_id": "",
            "ipv6_cidr_block": "",
            "main_route_table_id": "rtb-0afc6958384bc3934",
            "owner_id": "533267039705",
            "region": "us-west-2",
            "state": null,
            "tags": {},
            "timeouts": null
          },
          "sensitive_attributes": [],
          "identity_schema_version": 0
        }
      ]
    },
    {
      "module": "module.network",
      "mode": "managed",
      "type": "aws_security_group",
      "name": "alb",
      "provider": "provider[\"registry.terraform.io/hashicorp/aws\"]",
      "instances": [
        {
          "schema_version": 1,
          "attributes": {
            "arn": "arn:aws:ec2:us-west-2:533267039705:security-group/sg-065476aa2bdb4d3df",
            "description": "Allow HTTP traffic to ALB",
            "egress": [
              {
                "cidr_blocks": [
                  "0.0.0.0/0"
                ],
                "description": "Allow all outbound",
                "from_port": 0,
                "ipv6_cidr_blocks": [],
                "prefix_list_ids": [],
                "protocol": "-1",
                "security_groups": [],
                "self": false,
                "to_port": 0
              }
            ],
            "id": "sg-065476aa2bdb4d3df",
            "ingress": [
              {
                "cidr_blocks": [
                  "0.0.0.0/0"
                ],
                "description": "Allow HTTP from anywhere",
                "from_port": 80,
                "ipv6_cidr_blocks": [],
                "prefix_list_ids": [],
                "protocol": "tcp",
                "security_groups": [],
                "self": false,
                "to_port": 80
              }
            ],
            "name": "week6-experiment-alb-sg",
            "name_prefix": "",
            "owner_id": "533267039705",
            "region": "us-west-2",
            "revoke_rules_on_delete": false,
            "tags": {
              "Name": "week6-experiment-alb-sg"
            },
            "tags_all": {
              "Name": "week6-experiment-alb-sg"
            },
            "timeouts": null,
            "vpc_id": "vpc-006d131bdae7cbcdc"
          },
          "sensitive_attributes": [],
          "identity_schema_version": 0,
          "private": "eyJlMmJmYjczMC1lY2FhLTExZTYtOGY4OC0zNDM2M2JjN2M0YzAiOnsiY3JlYXRlIjo2MDAwMDAwMDAwMDAsImRlbGV0ZSI6OTAwMDAwMDAwMDAwfSwic2NoZW1hX3ZlcnNpb24iOiIxIn0=",
          "dependencies": [
            "module.network.data.aws_vpc.default"
          ]
        }
      ]
    },
    {
      "module": "module.network",
      "mode": "managed",
      "type": "aws_security_group",
      "name": "ecs",
      "provider": "provider[\"registry.terraform.io/hashicorp/aws\"]",
      "instances": [
        {
          "schema_version": 1,
          "attributes": {
            "arn": "arn:aws:ec2:us-west-2:533267039705:security-group/sg-0217dff15887510cd",
            "description": "Allow traffic from ALB to ECS tasks",
            "egress": [
              {
                "cidr_blocks": [
                  "0.0.0.0/0"
                ],
                "description": "Allow all outbound",
                "from_port": 0,
                "ipv6_cidr_blocks": [],
                "prefix_list_ids": [],
                "protocol": "-1",
                "security_groups": [],
                "self": false,
                "to_port": 0
              }
            ],
            "id": "sg-0217dff15887510cd",
            "ingress": [
              {
                "cidr_blocks": [],
                "description": "Allow traffic from ALB",
                "from_port": 8080,
                "ipv6_cidr_blocks": [],
                "prefix_list_ids": [],
                "protocol": "tcp",
                "security_groups": [
                  "sg-065476aa2bdb4d3df"
                ],
                "self": false,
                "to_port": 8080
              }
            ],
            "name": "week6-experiment-ecs-sg",
            "name_prefix": "",
            "owner_id": "533267039705",
            "region": "us-west-2",
            "revoke_rules_on_delete": false,
            "tags": {
              "Name": "week6-experiment-ecs-sg"
            },
            "tags_all": {
              "Name": "week6-experiment-ecs-sg"
            },
            "timeouts": null,
            "vpc_id": "vpc-006d131bdae7cbcdc"
          },
          "sensitive_attributes": [],
          "identity_schema_version": 0,
          "private": "eyJlMmJmYjczMC1lY2FhLTExZTYtOGY4OC0zNDM2M2JjN2M0YzAiOnsiY3JlYXRlIjo2MDAwMDAwMDAwMDAsImRlbGV0ZSI6OTAwMDAwMDAwMDAwfSwic2NoZW1hX3ZlcnNpb24iOiIxIn0=",
          "dependencies": [
            "module.network.aws_security_group.alb",
            "module.network.data.aws_vpc.default"
          ]
        }
      ]
    }
  ],
  "check_results": null
}
